{
  "version": 4,
  "terraform_version": "1.13.3",
  "serial": 54,
  "lineage": "f195372b-7654-8ea1-874d-d42aff542798",
  "outputs": {
    "my_cp_code": {
      "value": {
        "contract_id": "ctr_1-1NC95D",
        "group_id": "grp_94456",
        "id": "1907652",
        "name": "My CP Code",
        "product_id": "prd_Fresca",
        "timeouts": [
          {
            "update": "1h"
          }
        ]
      },
      "type": [
        "object",
        {
          "contract_id": "string",
          "group_id": "string",
          "id": "string",
          "name": "string",
          "product_id": "string",
          "timeouts": [
            "list",
            [
              "object",
              {
                "update": "string"
              }
            ]
          ]
        }
      ]
    },
    "ruleformat": {
      "value": "v2025-07-07",
      "type": "string"
    }
  },
  "resources": [
    {
      "mode": "data",
      "type": "akamai_appsec_configuration",
      "name": "soshetty_security_configuration_data",
      "provider": "provider[\"registry.terraform.io/akamai/akamai\"]",
      "instances": [
        {
          "schema_version": 0,
          "attributes": {
            "config_id": 119926,
            "host_names": [
              "testing.soshetty.com"
            ],
            "id": "119926",
            "latest_version": 1,
            "name": "Soshetty WA1",
            "output_text": "\n+------------------------------------------------------------------------------------------------------+\n| Configurations                                                                                       |\n+-----------+--------------+----------------+---------------------------+------------------------------+\n| CONFIG_ID | NAME         | LATEST_VERSION | VERSION_ACTIVE_IN_STAGING | VERSION_ACTIVE_IN_PRODUCTION |\n+-----------+--------------+----------------+---------------------------+------------------------------+\n| 119926    | Soshetty WA1 | 1              | 0                         | 0                            |\n+-----------+--------------+----------------+---------------------------+------------------------------+\n",
            "production_version": 0,
            "staging_version": 0
          },
          "sensitive_attributes": [],
          "identity_schema_version": 0
        }
      ]
    },
    {
      "mode": "data",
      "type": "akamai_appsec_contracts_groups",
      "name": "my_contracts_groups",
      "provider": "provider[\"registry.terraform.io/akamai/akamai\"]",
      "instances": [
        {
          "schema_version": 0,
          "attributes": {
            "contractid": "1-1NC95D",
            "default_contractid": "1-1NC95D",
            "default_groupid": 94456,
            "groupid": 94456,
            "id": "1-1NC95D",
            "json": "{\"contract_groups\":[{\"contractId\":\"1-1NC95D\",\"displayName\":\"Soshetty\",\"groupId\":94456}]}",
            "output_text": "\n+---------------------------------+\n| contractsgroupsDS               |\n+------------+---------+----------+\n| CONTRACTID | GROUPID | NAME     |\n+------------+---------+----------+\n| 1-1NC95D   | 94456   | Soshetty |\n+------------+---------+----------+\n"
          },
          "sensitive_attributes": [],
          "identity_schema_version": 0
        }
      ]
    },
    {
      "mode": "data",
      "type": "akamai_appsec_security_policy",
      "name": "appsecdata",
      "provider": "provider[\"registry.terraform.io/akamai/akamai\"]",
      "instances": [
        {
          "schema_version": 0,
          "attributes": {
            "config_id": 119926,
            "id": "119926:1",
            "json": "{\"configId\":119926,\"version\":1,\"policies\":[{\"policyId\":\"3213_314541\",\"policyName\":\"Test_policy\"},{\"policyId\":\"5464_314599\",\"policyName\":\"newpolicy1\"},{\"policyId\":\"6568_314600\",\"policyName\":\"wafpolicy2\"}]}",
            "output_text": "\n+---------------------------+\n| securityPoliciesDS        |\n+-------------+-------------+\n| ID          | NAME        |\n+-------------+-------------+\n| 3213_314541 | Test_policy |\n| 5464_314599 | newpolicy1  |\n| 6568_314600 | wafpolicy2  |\n+-------------+-------------+\n",
            "security_policy_id": "5464_314599",
            "security_policy_id_list": [
              "3213_314541",
              "5464_314599",
              "6568_314600"
            ],
            "security_policy_name": "newpolicy1"
          },
          "sensitive_attributes": [],
          "identity_schema_version": 0
        }
      ]
    },
    {
      "mode": "data",
      "type": "akamai_contracts",
      "name": "all",
      "provider": "provider[\"registry.terraform.io/akamai/akamai\"]",
      "instances": [
        {
          "schema_version": 0,
          "attributes": {
            "contracts": [
              {
                "contract_id": "ctr_1-1NC95D",
                "contract_type_name": "AKAMAI_INTERNAL"
              }
            ],
            "id": "act_1-6JHGX"
          },
          "sensitive_attributes": [],
          "identity_schema_version": 0
        }
      ]
    },
    {
      "mode": "data",
      "type": "akamai_groups",
      "name": "all",
      "provider": "provider[\"registry.terraform.io/akamai/akamai\"]",
      "instances": [
        {
          "schema_version": 0,
          "attributes": {
            "groups": [
              {
                "contract_ids": [
                  "ctr_1-1NC95D"
                ],
                "group_id": "grp_95232",
                "group_name": "Rajiv",
                "parent_group_id": "grp_19293"
              },
              {
                "contract_ids": [
                  "ctr_1-1NC95D"
                ],
                "group_id": "grp_229377",
                "group_name": "gabdigal",
                "parent_group_id": "grp_19293"
              },
              {
                "contract_ids": [
                  "ctr_1-1NC95D"
                ],
                "group_id": "grp_268288",
                "group_name": "jodennis",
                "parent_group_id": "grp_19293"
              },
              {
                "contract_ids": [
                  "ctr_1-1NC95D"
                ],
                "group_id": "grp_229380",
                "group_name": "gabdigal",
                "parent_group_id": "grp_19298"
              },
              {
                "contract_ids": [
                  "ctr_1-1NC95D"
                ],
                "group_id": "grp_224260",
                "group_name": "Sahil",
                "parent_group_id": "grp_19293"
              },
              {
                "contract_ids": [
                  "ctr_1-1NC95D"
                ],
                "group_id": "grp_218127",
                "group_name": "fvilarin",
                "parent_group_id": "grp_19293"
              },
              {
                "contract_ids": [
                  "ctr_1-1NC95D"
                ],
                "group_id": "grp_231439",
                "group_name": "nsorenso",
                "parent_group_id": "grp_19298"
              },
              {
                "contract_ids": [
                  "ctr_1-1NC95D"
                ],
                "group_id": "grp_65552",
                "group_name": "Tencent Pre-sales",
                "parent_group_id": "grp_19293"
              },
              {
                "contract_ids": [
                  "ctr_1-1NC95D"
                ],
                "group_id": "grp_236560",
                "group_name": "PCapaldi",
                "parent_group_id": "grp_19293"
              },
              {
                "contract_ids": [
                  "ctr_1-1NC95D"
                ],
                "group_id": "grp_222228",
                "group_name": "cearia",
                "parent_group_id": "grp_19293"
              },
              {
                "contract_ids": [
                  "ctr_1-1NC95D"
                ],
                "group_id": "grp_116761",
                "group_name": "SATestPD1",
                "parent_group_id": "grp_19298"
              },
              {
                "contract_ids": [
                  "ctr_1-1NC95D"
                ],
                "group_id": "grp_77849",
                "group_name": "Thomas Lundqvist",
                "parent_group_id": "grp_19293"
              },
              {
                "contract_ids": [
                  "ctr_1-1NC95D"
                ],
                "group_id": "grp_116763",
                "group_name": "Test_123",
                "parent_group_id": "grp_19298"
              },
              {
                "contract_ids": [
                  "ctr_1-1NC95D"
                ],
                "group_id": "grp_116762",
                "group_name": "SATestPD1",
                "parent_group_id": "grp_19298"
              },
              {
                "contract_ids": [
                  "ctr_1-1NC95D"
                ],
                "group_id": "grp_236575",
                "group_name": "PS_avillalo",
                "parent_group_id": "grp_19293"
              },
              {
                "contract_ids": [
                  "ctr_1-1NC95D"
                ],
                "group_id": "grp_55325",
                "group_name": "Functional",
                "parent_group_id": "grp_19293"
              },
              {
                "contract_ids": [
                  "ctr_1-1NC95D"
                ],
                "group_id": "grp_290841",
                "group_name": "GSS-DEVOPS",
                "parent_group_id": "grp_19293"
              },
              {
                "contract_ids": [
                  "ctr_1-1NC95D"
                ],
                "group_id": "grp_236574",
                "group_name": "Paul M2",
                "parent_group_id": "grp_19293"
              },
              {
                "contract_ids": [
                  "ctr_1-1NC95D"
                ],
                "group_id": "grp_290842",
                "group_name": "Terraform",
                "parent_group_id": "grp_290841"
              },
              {
                "contract_ids": [
                  "ctr_1-1NC95D"
                ],
                "group_id": "grp_57374",
                "group_name": "Cloud Monitor",
                "parent_group_id": "grp_19293"
              },
              {
                "contract_ids": [
                  "ctr_1-1NC95D"
                ],
                "group_id": "grp_173084",
                "group_name": "mguentge",
                "parent_group_id": "grp_19293"
              },
              {
                "contract_ids": [
                  "ctr_1-1NC95D"
                ],
                "group_id": "grp_236573",
                "group_name": "PR cert",
                "parent_group_id": "grp_19293"
              },
              {
                "contract_ids": [
                  "ctr_1-1NC95D"
                ],
                "group_id": "grp_237603",
                "group_name": "Media",
                "parent_group_id": "grp_93838"
              },
              {
                "contract_ids": [
                  "ctr_1-1NC95D"
                ],
                "group_id": "grp_237602",
                "group_name": "Web",
                "parent_group_id": "grp_93838"
              },
              {
                "contract_ids": [
                  "ctr_1-1NC95D"
                ],
                "group_id": "grp_71719",
                "group_name": "Gokul",
                "parent_group_id": "grp_19293"
              },
              {
                "contract_ids": [
                  "ctr_1-1NC95D"
                ],
                "group_id": "grp_71720",
                "group_name": "Gokul E",
                "parent_group_id": "grp_19293"
              },
              {
                "contract_ids": [
                  "ctr_1-1NC95D"
                ],
                "group_id": "grp_205866",
                "group_name": "techjam2021-edgelearning",
                "parent_group_id": "grp_19293"
              },
              {
                "contract_ids": [
                  "ctr_1-1NC95D"
                ],
                "group_id": "grp_103466",
                "group_name": "mbiernat",
                "parent_group_id": "grp_19293"
              },
              {
                "contract_ids": [
                  "ctr_1-1NC95D"
                ],
                "group_id": "grp_255023",
                "group_name": "jopar",
                "parent_group_id": "grp_19293"
              },
              {
                "contract_ids": [
                  "ctr_1-1NC95D"
                ],
                "group_id": "grp_231470",
                "group_name": "Adrian-subgroup",
                "parent_group_id": "grp_228305"
              },
              {
                "contract_ids": [
                  "ctr_1-1NC95D"
                ],
                "group_id": "grp_106544",
                "group_name": "Vivek N",
                "parent_group_id": "grp_19293"
              },
              {
                "contract_ids": [
                  "ctr_1-1NC95D"
                ],
                "group_id": "grp_231473",
                "group_name": "Adrian-lv2-subgroup",
                "parent_group_id": "grp_231470"
              },
              {
                "contract_ids": [
                  "ctr_1-1NC95D"
                ],
                "group_id": "grp_84018",
                "group_name": "Mages Sanseau",
                "parent_group_id": "grp_19293"
              },
              {
                "contract_ids": [
                  "ctr_1-1NC95D"
                ],
                "group_id": "grp_198711",
                "group_name": "rosmit",
                "parent_group_id": "grp_19293"
              },
              {
                "contract_ids": [
                  "ctr_1-1NC95D"
                ],
                "group_id": "grp_224311",
                "group_name": "jswyt",
                "parent_group_id": "grp_19293"
              },
              {
                "contract_ids": [
                  "ctr_1-1NC95D"
                ],
                "group_id": "grp_240697",
                "group_name": "MarcysDoNotTouch",
                "parent_group_id": "grp_19293"
              },
              {
                "contract_ids": [
                  "ctr_1-1NC95D"
                ],
                "group_id": "grp_255033",
                "group_name": "GSA2024",
                "parent_group_id": "grp_19293"
              },
              {
                "contract_ids": [
                  "ctr_1-1NC95D"
                ],
                "group_id": "grp_59450",
                "group_name": "Nate Whittaker",
                "parent_group_id": "grp_19293"
              },
              {
                "contract_ids": [
                  "ctr_1-1NC95D"
                ],
                "group_id": "grp_216120",
                "group_name": "dkremkow",
                "parent_group_id": "grp_19293"
              },
              {
                "contract_ids": [
                  "ctr_1-1NC95D"
                ],
                "group_id": "grp_149566",
                "group_name": "Andres Castro",
                "parent_group_id": "grp_19293"
              },
              {
                "contract_ids": [
                  "ctr_1-1NC95D"
                ],
                "group_id": "grp_176189",
                "group_name": "aalvaro",
                "parent_group_id": "grp_19293"
              },
              {
                "contract_ids": [
                  "ctr_1-1NC95D"
                ],
                "group_id": "grp_227393",
                "group_name": "qbat",
                "parent_group_id": "grp_19293"
              },
              {
                "contract_ids": [
                  "ctr_1-1NC95D"
                ],
                "group_id": "grp_268359",
                "group_name": "mcaldwel_lab",
                "parent_group_id": "grp_19293"
              },
              {
                "contract_ids": [
                  "ctr_1-1NC95D"
                ],
                "group_id": "grp_142406",
                "group_name": "tcorning-group",
                "parent_group_id": "grp_19293"
              },
              {
                "contract_ids": [
                  "ctr_1-1NC95D"
                ],
                "group_id": "grp_209995",
                "group_name": "nsorenso",
                "parent_group_id": "grp_19293"
              },
              {
                "contract_ids": [
                  "ctr_1-1NC95D"
                ],
                "group_id": "grp_63560",
                "group_name": "Alessio",
                "parent_group_id": "grp_19293"
              },
              {
                "contract_ids": [
                  "ctr_1-1NC95D"
                ],
                "group_id": "grp_181323",
                "group_name": "PR",
                "parent_group_id": "grp_171109"
              },
              {
                "contract_ids": [
                  "ctr_1-1NC95D"
                ],
                "group_id": "grp_217162",
                "group_name": "rajivsubgroup",
                "parent_group_id": "grp_95232"
              },
              {
                "contract_ids": [
                  "ctr_1-1NC95D"
                ],
                "group_id": "grp_236618",
                "group_name": "Wquinter",
                "parent_group_id": "grp_19293"
              },
              {
                "contract_ids": [
                  "ctr_1-1NC95D"
                ],
                "group_id": "grp_170056",
                "group_name": "MikeOstenberg",
                "parent_group_id": "grp_19293"
              },
              {
                "contract_ids": [
                  "ctr_1-1NC95D"
                ],
                "group_id": "grp_268360",
                "group_name": "Parikshitha",
                "parent_group_id": "grp_19293"
              },
              {
                "contract_ids": [
                  "ctr_1-1NC95D"
                ],
                "group_id": "grp_197710",
                "group_name": "jgoncalv",
                "parent_group_id": "grp_19293"
              },
              {
                "contract_ids": [
                  "ctr_1-1NC95D"
                ],
                "group_id": "grp_52302",
                "group_name": "mgok",
                "parent_group_id": "grp_19293"
              },
              {
                "contract_ids": [
                  "ctr_1-1NC95D"
                ],
                "group_id": "grp_85075",
                "group_name": "David Attias",
                "parent_group_id": "grp_19293"
              },
              {
                "contract_ids": [
                  "ctr_1-1NC95D"
                ],
                "group_id": "grp_105554",
                "group_name": "joncarva",
                "parent_group_id": "grp_19293"
              },
              {
                "contract_ids": [
                  "ctr_1-1NC95D"
                ],
                "group_id": "grp_145494",
                "group_name": "GFK",
                "parent_group_id": "grp_19293"
              },
              {
                "contract_ids": [
                  "ctr_1-1NC95D"
                ],
                "group_id": "grp_52308",
                "group_name": "GSS Hub",
                "parent_group_id": "grp_19293"
              },
              {
                "contract_ids": [
                  "ctr_1-1NC95D"
                ],
                "group_id": "grp_224342",
                "group_name": "UKI SE",
                "parent_group_id": "grp_19293"
              },
              {
                "contract_ids": [
                  "ctr_1-1NC95D"
                ],
                "group_id": "grp_199764",
                "group_name": "Roleplay",
                "parent_group_id": "grp_171109"
              },
              {
                "contract_ids": [
                  "ctr_1-1NC95D"
                ],
                "group_id": "grp_218203",
                "group_name": "cvargasa",
                "parent_group_id": "grp_19293"
              },
              {
                "contract_ids": [
                  "ctr_1-1NC95D"
                ],
                "group_id": "grp_94301",
                "group_name": "Akshay Moza",
                "parent_group_id": "grp_19293"
              },
              {
                "contract_ids": [
                  "ctr_1-1NC95D"
                ],
                "group_id": "grp_112732",
                "group_name": "Evgeny Videneev",
                "parent_group_id": "grp_19293"
              },
              {
                "contract_ids": [
                  "ctr_1-1NC95D"
                ],
                "group_id": "grp_65631",
                "group_name": "dkuciel",
                "parent_group_id": "grp_19293"
              },
              {
                "contract_ids": [
                  "ctr_1-1NC95D"
                ],
                "group_id": "grp_157795",
                "group_name": "apoullai",
                "parent_group_id": "grp_19293"
              },
              {
                "contract_ids": [
                  "ctr_1-1NC95D"
                ],
                "group_id": "grp_110688",
                "group_name": "fmonteal",
                "parent_group_id": "grp_19293"
              },
              {
                "contract_ids": [
                  "ctr_1-1NC95D"
                ],
                "group_id": "grp_80995",
                "group_name": "Wade Rocco",
                "parent_group_id": "grp_19293"
              },
              {
                "contract_ids": [
                  "ctr_1-1NC95D"
                ],
                "group_id": "grp_171109",
                "group_name": "Kanimesh",
                "parent_group_id": "grp_19293"
              },
              {
                "contract_ids": [
                  "ctr_1-1NC95D"
                ],
                "group_id": "grp_101480",
                "group_name": "MDT",
                "parent_group_id": "grp_19293"
              },
              {
                "contract_ids": [
                  "ctr_1-1NC95D"
                ],
                "group_id": "grp_194665",
                "group_name": "andrew",
                "parent_group_id": "grp_19293"
              },
              {
                "contract_ids": [
                  "ctr_1-1NC95D"
                ],
                "group_id": "grp_237672",
                "group_name": "Abinadi - WebPerformance - Automation",
                "parent_group_id": "grp_19293"
              },
              {
                "contract_ids": [
                  "ctr_1-1NC95D"
                ],
                "group_id": "grp_205935",
                "group_name": "Nat Lawrence",
                "parent_group_id": "grp_19293"
              },
              {
                "contract_ids": [
                  "ctr_1-1NC95D"
                ],
                "group_id": "grp_240748",
                "group_name": "Themyscira",
                "parent_group_id": "grp_131831"
              },
              {
                "contract_ids": [
                  "ctr_1-1NC95D"
                ],
                "group_id": "grp_291954",
                "group_name": "ACL Include",
                "parent_group_id": "grp_225681"
              },
              {
                "contract_ids": [
                  "ctr_1-1NC95D"
                ],
                "group_id": "grp_95351",
                "group_name": "achowdar",
                "parent_group_id": "grp_19293"
              },
              {
                "contract_ids": [
                  "ctr_1-1NC95D"
                ],
                "group_id": "grp_303229",
                "group_name": "Robin Pappachan",
                "parent_group_id": "grp_19293"
              },
              {
                "contract_ids": [
                  "ctr_1-1NC95D"
                ],
                "group_id": "grp_95352",
                "group_name": "achowdar",
                "parent_group_id": "grp_19298"
              },
              {
                "contract_ids": [
                  "ctr_1-1NC95D"
                ],
                "group_id": "grp_102522",
                "group_name": "SSCIAN",
                "parent_group_id": "grp_19293"
              },
              {
                "contract_ids": [
                  "ctr_1-1NC95D"
                ],
                "group_id": "grp_174207",
                "group_name": "jacky.digital.essl.web",
                "parent_group_id": "grp_170270"
              },
              {
                "contract_ids": [
                  "ctr_1-1NC95D"
                ],
                "group_id": "grp_158845",
                "group_name": "thsmith",
                "parent_group_id": "grp_19293"
              },
              {
                "contract_ids": [
                  "ctr_1-1NC95D"
                ],
                "group_id": "grp_200835",
                "group_name": "BeaRusin",
                "parent_group_id": "grp_19293"
              },
              {
                "contract_ids": [
                  "ctr_1-1NC95D"
                ],
                "group_id": "grp_174210",
                "group_name": "jacky.digital.ff.web",
                "parent_group_id": "grp_170270"
              },
              {
                "contract_ids": [
                  "ctr_1-1NC95D"
                ],
                "group_id": "grp_174211",
                "group_name": "jacky.digital.ff.media",
                "parent_group_id": "grp_170270"
              },
              {
                "contract_ids": [
                  "ctr_1-1NC95D"
                ],
                "group_id": "grp_174208",
                "group_name": "jacky.digital.essl.media",
                "parent_group_id": "grp_170270"
              },
              {
                "contract_ids": [
                  "ctr_1-1NC95D"
                ],
                "group_id": "grp_174209",
                "group_name": "jacky.digital.essl.security",
                "parent_group_id": "grp_170270"
              },
              {
                "contract_ids": [
                  "ctr_1-1NC95D"
                ],
                "group_id": "grp_246919",
                "group_name": "Lumen",
                "parent_group_id": "grp_19293"
              },
              {
                "contract_ids": [
                  "ctr_1-1NC95D"
                ],
                "group_id": "grp_241797",
                "group_name": "videsa",
                "parent_group_id": "grp_19293"
              },
              {
                "contract_ids": [
                  "ctr_1-1NC95D"
                ],
                "group_id": "grp_174212",
                "group_name": "jacky.digital.ff.security",
                "parent_group_id": "grp_170270"
              },
              {
                "contract_ids": [
                  "ctr_1-1NC95D"
                ],
                "group_id": "grp_158858",
                "group_name": "amanca",
                "parent_group_id": "grp_19293"
              },
              {
                "contract_ids": [
                  "ctr_1-1NC95D"
                ],
                "group_id": "grp_283789",
                "group_name": "jpadilla-group",
                "parent_group_id": "grp_19293"
              },
              {
                "contract_ids": [
                  "ctr_1-1NC95D"
                ],
                "group_id": "grp_91274",
                "group_name": "vivek_newhire",
                "parent_group_id": "grp_19293"
              },
              {
                "contract_ids": [
                  "ctr_1-1NC95D"
                ],
                "group_id": "grp_283786",
                "group_name": "WAF_LAB_AK",
                "parent_group_id": "grp_19293"
              },
              {
                "contract_ids": [
                  "ctr_1-1NC95D"
                ],
                "group_id": "grp_80023",
                "group_name": "mbianchi",
                "parent_group_id": "grp_19293"
              },
              {
                "contract_ids": [
                  "ctr_1-1NC95D"
                ],
                "group_id": "grp_200859",
                "group_name": "Luis Fernandez - lfernand",
                "parent_group_id": "grp_19293"
              },
              {
                "contract_ids": [
                  "ctr_1-1NC95D"
                ],
                "group_id": "grp_115864",
                "group_name": "Magda Helmecka-Kuspit",
                "parent_group_id": "grp_19293"
              },
              {
                "contract_ids": [
                  "ctr_1-1NC95D"
                ],
                "group_id": "grp_302237",
                "group_name": "bvandijk",
                "parent_group_id": "grp_19293"
              },
              {
                "contract_ids": [
                  "ctr_1-1NC95D"
                ],
                "group_id": "grp_136350",
                "group_name": "jacoe",
                "parent_group_id": "grp_19293"
              },
              {
                "contract_ids": [
                  "ctr_1-1NC95D"
                ],
                "group_id": "grp_76962",
                "group_name": "ghughes",
                "parent_group_id": "grp_19293"
              },
              {
                "contract_ids": [
                  "ctr_1-1NC95D"
                ],
                "group_id": "grp_104614",
                "group_name": "lsanchoq",
                "parent_group_id": "grp_19293"
              },
              {
                "contract_ids": [
                  "ctr_1-1NC95D"
                ],
                "group_id": "grp_116904",
                "group_name": "mmaciurz2",
                "parent_group_id": "grp_19298"
              },
              {
                "contract_ids": [
                  "ctr_1-1NC95D"
                ],
                "group_id": "grp_63657",
                "group_name": "pwalters",
                "parent_group_id": "grp_19293"
              },
              {
                "contract_ids": [
                  "ctr_1-1NC95D"
                ],
                "group_id": "grp_165036",
                "group_name": "RobertLantz",
                "parent_group_id": "grp_19293"
              },
              {
                "contract_ids": [
                  "ctr_1-1NC95D"
                ],
                "group_id": "grp_80046",
                "group_name": "Francisco Vargas",
                "parent_group_id": "grp_19293"
              },
              {
                "contract_ids": [
                  "ctr_1-1NC95D"
                ],
                "group_id": "grp_82096",
                "group_name": "REFERENCE",
                "parent_group_id": "grp_19293"
              },
              {
                "contract_ids": [
                  "ctr_1-1NC95D"
                ],
                "group_id": "grp_240816",
                "group_name": "test-group1",
                "parent_group_id": "grp_174209"
              },
              {
                "contract_ids": [
                  "ctr_1-1NC95D"
                ],
                "group_id": "grp_105653",
                "group_name": "Andres Hidalgo",
                "parent_group_id": "grp_19293"
              },
              {
                "contract_ids": [
                  "ctr_1-1NC95D"
                ],
                "group_id": "grp_240823",
                "group_name": "jacky.digital.edns.group1",
                "parent_group_id": "grp_170270"
              },
              {
                "contract_ids": [
                  "ctr_1-1NC95D"
                ],
                "group_id": "grp_285873",
                "group_name": "psaweiki",
                "parent_group_id": "grp_19293"
              },
              {
                "contract_ids": [
                  "ctr_1-1NC95D"
                ],
                "group_id": "grp_234677",
                "group_name": "abm",
                "parent_group_id": "grp_19293"
              },
              {
                "contract_ids": [
                  "ctr_1-1NC95D"
                ],
                "group_id": "grp_191668",
                "group_name": "vbesteiro",
                "parent_group_id": "grp_19293"
              },
              {
                "contract_ids": [
                  "ctr_1-1NC95D"
                ],
                "group_id": "grp_172219",
                "group_name": "yachen2",
                "parent_group_id": "grp_19293"
              },
              {
                "contract_ids": [
                  "ctr_1-1NC95D"
                ],
                "group_id": "grp_286909",
                "group_name": " flopez-subgroup-4-updates",
                "parent_group_id": "grp_263856"
              },
              {
                "contract_ids": [
                  "ctr_1-1NC95D"
                ],
                "group_id": "grp_240824",
                "group_name": "jacky.digital.edns.group2",
                "parent_group_id": "grp_170270"
              },
              {
                "contract_ids": [
                  "ctr_1-1NC95D"
                ],
                "group_id": "grp_124093",
                "group_name": "RALVAREZ",
                "parent_group_id": "grp_19293"
              },
              {
                "contract_ids": [
                  "ctr_1-1NC95D"
                ],
                "group_id": "grp_124095",
                "group_name": "ralvarez",
                "parent_group_id": "grp_19293"
              },
              {
                "contract_ids": [
                  "ctr_1-1NC95D"
                ],
                "group_id": "grp_256189",
                "group_name": "sushma-lab",
                "parent_group_id": "grp_19293"
              },
              {
                "contract_ids": [
                  "ctr_1-1NC95D"
                ],
                "group_id": "grp_237763",
                "group_name": "julian-siem",
                "parent_group_id": "grp_19293"
              },
              {
                "contract_ids": [
                  "ctr_1-1NC95D"
                ],
                "group_id": "grp_72896",
                "group_name": "Olivier L.",
                "parent_group_id": "grp_19293"
              },
              {
                "contract_ids": [
                  "ctr_1-1NC95D"
                ],
                "group_id": "grp_58564",
                "group_name": "Andy Martin",
                "parent_group_id": "grp_19293"
              },
              {
                "contract_ids": [
                  "ctr_1-1NC95D"
                ],
                "group_id": "grp_266444",
                "group_name": "mmendes",
                "parent_group_id": "grp_19293"
              },
              {
                "contract_ids": [
                  "ctr_1-1NC95D"
                ],
                "group_id": "grp_127176",
                "group_name": "Shayne Goldberg",
                "parent_group_id": "grp_19293"
              },
              {
                "contract_ids": [
                  "ctr_1-1NC95D"
                ],
                "group_id": "grp_106700",
                "group_name": "SSL",
                "parent_group_id": "grp_50489"
              },
              {
                "contract_ids": [
                  "ctr_1-1NC95D"
                ],
                "group_id": "grp_203982",
                "group_name": "Adam Costello",
                "parent_group_id": "grp_19293"
              },
              {
                "contract_ids": [
                  "ctr_1-1NC95D"
                ],
                "group_id": "grp_238797",
                "group_name": "smoraboi-testing",
                "parent_group_id": "grp_19293"
              },
              {
                "contract_ids": [
                  "ctr_1-1NC95D"
                ],
                "group_id": "grp_95439",
                "group_name": "Abinadi",
                "parent_group_id": "grp_19293"
              },
              {
                "contract_ids": [
                  "ctr_1-1NC95D"
                ],
                "group_id": "grp_98510",
                "group_name": "ralpizar",
                "parent_group_id": "grp_19293"
              },
              {
                "contract_ids": [
                  "ctr_1-1NC95D"
                ],
                "group_id": "grp_278740",
                "group_name": "arodrigo",
                "parent_group_id": "grp_19293"
              },
              {
                "contract_ids": [
                  "ctr_1-1NC95D"
                ],
                "group_id": "grp_229585",
                "group_name": "devops-training",
                "parent_group_id": "grp_98510"
              },
              {
                "contract_ids": [
                  "ctr_1-1NC95D"
                ],
                "group_id": "grp_242896",
                "group_name": "apembert",
                "parent_group_id": "grp_19293"
              },
              {
                "contract_ids": [
                  "ctr_1-1NC95D"
                ],
                "group_id": "grp_80082",
                "group_name": "Carlos Gonzalez",
                "parent_group_id": "grp_19293"
              },
              {
                "contract_ids": [
                  "ctr_1-1NC95D"
                ],
                "group_id": "grp_191702",
                "group_name": "pvoniadk",
                "parent_group_id": "grp_19293"
              },
              {
                "contract_ids": [
                  "ctr_1-1NC95D"
                ],
                "group_id": "grp_78036",
                "group_name": "Rory Hewitt",
                "parent_group_id": "grp_19293"
              },
              {
                "contract_ids": [
                  "ctr_1-1NC95D"
                ],
                "group_id": "grp_148699",
                "group_name": "EricTest",
                "parent_group_id": "grp_57174"
              },
              {
                "contract_ids": [
                  "ctr_1-1NC95D"
                ],
                "group_id": "grp_247002",
                "group_name": "EA-LumenTest",
                "parent_group_id": "grp_110688"
              },
              {
                "contract_ids": [
                  "ctr_1-1NC95D"
                ],
                "group_id": "grp_298206",
                "group_name": "ddondyk",
                "parent_group_id": "grp_19298"
              },
              {
                "contract_ids": [
                  "ctr_1-1NC95D"
                ],
                "group_id": "grp_251097",
                "group_name": "SIE IAT EW EKV Training",
                "parent_group_id": "grp_19293"
              },
              {
                "contract_ids": [
                  "ctr_1-1NC95D"
                ],
                "group_id": "grp_103642",
                "group_name": "ak-conf-diff",
                "parent_group_id": "grp_50489"
              },
              {
                "contract_ids": [
                  "ctr_1-1NC95D"
                ],
                "group_id": "grp_105690",
                "group_name": "kszmyd",
                "parent_group_id": "grp_19293"
              },
              {
                "contract_ids": [
                  "ctr_1-1NC95D"
                ],
                "group_id": "grp_125153",
                "group_name": "Artur Sudnik",
                "parent_group_id": "grp_19293"
              },
              {
                "contract_ids": [
                  "ctr_1-1NC95D"
                ],
                "group_id": "grp_150752",
                "group_name": "Security-Kinder",
                "parent_group_id": "grp_19293"
              },
              {
                "contract_ids": [
                  "ctr_1-1NC95D"
                ],
                "group_id": "grp_231654",
                "group_name": "Shahid B",
                "parent_group_id": "grp_19293"
              },
              {
                "contract_ids": [
                  "ctr_1-1NC95D"
                ],
                "group_id": "grp_61669",
                "group_name": "Carolina Anton",
                "parent_group_id": "grp_19293"
              },
              {
                "contract_ids": [
                  "ctr_1-1NC95D"
                ],
                "group_id": "grp_76007",
                "group_name": "Neyhart",
                "parent_group_id": "grp_19298"
              },
              {
                "contract_ids": [
                  "ctr_1-1NC95D"
                ],
                "group_id": "grp_283875",
                "group_name": "Delivery Training SA",
                "parent_group_id": "grp_19293"
              },
              {
                "contract_ids": [
                  "ctr_1-1NC95D"
                ],
                "group_id": "grp_295148",
                "group_name": "rschuman",
                "parent_group_id": "grp_19293"
              },
              {
                "contract_ids": [
                  "ctr_1-1NC95D"
                ],
                "group_id": "grp_225514",
                "group_name": "Saugat",
                "parent_group_id": "grp_19293"
              },
              {
                "contract_ids": [
                  "ctr_1-1NC95D"
                ],
                "group_id": "grp_94440",
                "group_name": "Taylan Big",
                "parent_group_id": "grp_19293"
              },
              {
                "contract_ids": [
                  "ctr_1-1NC95D"
                ],
                "group_id": "grp_224489",
                "group_name": "Abinadi Lab Configurations",
                "parent_group_id": "grp_19293"
              },
              {
                "contract_ids": [
                  "ctr_1-1NC95D"
                ],
                "group_id": "grp_171248",
                "group_name": "resashik",
                "parent_group_id": "grp_19293"
              },
              {
                "contract_ids": [
                  "ctr_1-1NC95D"
                ],
                "group_id": "grp_154864",
                "group_name": "mtoporma",
                "parent_group_id": "grp_19293"
              },
              {
                "contract_ids": [
                  "ctr_1-1NC95D"
                ],
                "group_id": "grp_295154",
                "group_name": "testpolicydomain",
                "parent_group_id": "grp_19293"
              },
              {
                "contract_ids": [
                  "ctr_1-1NC95D"
                ],
                "group_id": "grp_148730",
                "group_name": "mkobylar",
                "parent_group_id": "grp_19293"
              },
              {
                "contract_ids": [
                  "ctr_1-1NC95D"
                ],
                "group_id": "grp_94456",
                "group_name": "Soshetty",
                "parent_group_id": "grp_19293"
              },
              {
                "contract_ids": [
                  "ctr_1-1NC95D"
                ],
                "group_id": "grp_89339",
                "group_name": "Mike Elissen",
                "parent_group_id": "grp_19293"
              },
              {
                "contract_ids": [
                  "ctr_1-1NC95D"
                ],
                "group_id": "grp_256249",
                "group_name": "Rahul_APITraining",
                "parent_group_id": "grp_19293"
              },
              {
                "contract_ids": [
                  "ctr_1-1NC95D"
                ],
                "group_id": "grp_256248",
                "group_name": "Dilani",
                "parent_group_id": "grp_19293"
              },
              {
                "contract_ids": [
                  "ctr_1-1NC95D"
                ],
                "group_id": "grp_53500",
                "group_name": "Alec Berdin",
                "parent_group_id": "grp_19293"
              },
              {
                "contract_ids": [
                  "ctr_1-1NC95D"
                ],
                "group_id": "grp_76031",
                "group_name": "Matt Wise",
                "parent_group_id": "grp_19293"
              },
              {
                "contract_ids": [
                  "ctr_1-1NC95D"
                ],
                "group_id": "grp_84226",
                "group_name": "Cloudlets",
                "parent_group_id": "grp_50489"
              },
              {
                "contract_ids": [
                  "ctr_1-1NC95D"
                ],
                "group_id": "grp_192774",
                "group_name": "mosborne",
                "parent_group_id": "grp_19293"
              },
              {
                "contract_ids": [
                  "ctr_1-1NC95D"
                ],
                "group_id": "grp_295168",
                "group_name": "cvs_demo",
                "parent_group_id": "grp_133518"
              },
              {
                "contract_ids": [
                  "ctr_1-1NC95D"
                ],
                "group_id": "grp_91399",
                "group_name": "Nidhi_NewHire",
                "parent_group_id": "grp_19293"
              },
              {
                "contract_ids": [
                  "ctr_1-1NC95D"
                ],
                "group_id": "grp_240906",
                "group_name": "testgroup1",
                "parent_group_id": "grp_131831"
              },
              {
                "contract_ids": [
                  "ctr_1-1NC95D"
                ],
                "group_id": "grp_200969",
                "group_name": "Ali-playground",
                "parent_group_id": "grp_19298"
              },
              {
                "contract_ids": [
                  "ctr_1-1NC95D"
                ],
                "group_id": "grp_134412",
                "group_name": "sseifert-delete",
                "parent_group_id": "grp_19293"
              },
              {
                "contract_ids": [
                  "ctr_1-1NC95D"
                ],
                "group_id": "grp_191756",
                "group_name": "WeekendSandbox",
                "parent_group_id": "grp_19293"
              },
              {
                "contract_ids": [
                  "ctr_1-1NC95D"
                ],
                "group_id": "grp_134413",
                "group_name": "sseifert",
                "parent_group_id": "grp_19293"
              },
              {
                "contract_ids": [
                  "ctr_1-1NC95D"
                ],
                "group_id": "grp_119057",
                "group_name": "Custom Behavior Lab",
                "parent_group_id": "grp_19293"
              },
              {
                "contract_ids": [
                  "ctr_1-1NC95D"
                ],
                "group_id": "grp_76048",
                "group_name": "Carlos Nororis",
                "parent_group_id": "grp_19298"
              },
              {
                "contract_ids": [
                  "ctr_1-1NC95D"
                ],
                "group_id": "grp_232721",
                "group_name": "judiaz",
                "parent_group_id": "grp_19293"
              },
              {
                "contract_ids": [
                  "ctr_1-1NC95D"
                ],
                "group_id": "grp_164119",
                "group_name": "rbritodo",
                "parent_group_id": "grp_19293"
              },
              {
                "contract_ids": [
                  "ctr_1-1NC95D"
                ],
                "group_id": "grp_71960",
                "group_name": "JAESCALO Testing",
                "parent_group_id": "grp_19293"
              },
              {
                "contract_ids": [
                  "ctr_1-1NC95D"
                ],
                "group_id": "grp_170270",
                "group_name": "jacky.digital",
                "parent_group_id": "grp_19293"
              },
              {
                "contract_ids": [
                  "ctr_1-1NC95D"
                ],
                "group_id": "grp_219423",
                "group_name": "phartman",
                "parent_group_id": "grp_19293"
              },
              {
                "contract_ids": [
                  "ctr_1-1NC95D"
                ],
                "group_id": "grp_70942",
                "group_name": "Scott Kesapradist Testing",
                "parent_group_id": "grp_19298"
              },
              {
                "contract_ids": [
                  "ctr_1-1NC95D"
                ],
                "group_id": "grp_219425",
                "group_name": "wopyrcha",
                "parent_group_id": "grp_19293"
              },
              {
                "contract_ids": [
                  "ctr_1-1NC95D"
                ],
                "group_id": "grp_244000",
                "group_name": "0-peak",
                "parent_group_id": "grp_19293"
              },
              {
                "contract_ids": [
                  "ctr_1-1NC95D"
                ],
                "group_id": "grp_50470",
                "group_name": "NYC Office",
                "parent_group_id": "grp_19293"
              },
              {
                "contract_ids": [
                  "ctr_1-1NC95D"
                ],
                "group_id": "grp_50471",
                "group_name": "Streaming",
                "parent_group_id": "grp_50470"
              },
              {
                "contract_ids": [
                  "ctr_1-1NC95D"
                ],
                "group_id": "grp_222507",
                "group_name": "AlexFlores",
                "parent_group_id": "grp_19293"
              },
              {
                "contract_ids": [
                  "ctr_1-1NC95D"
                ],
                "group_id": "grp_50472",
                "group_name": "FEO",
                "parent_group_id": "grp_50470"
              },
              {
                "contract_ids": [
                  "ctr_1-1NC95D"
                ],
                "group_id": "grp_50473",
                "group_name": "Security",
                "parent_group_id": "grp_50470"
              },
              {
                "contract_ids": [
                  "ctr_1-1NC95D"
                ],
                "group_id": "grp_50474",
                "group_name": "Devices",
                "parent_group_id": "grp_50471"
              },
              {
                "contract_ids": [
                  "ctr_1-1NC95D"
                ],
                "group_id": "grp_82220",
                "group_name": "David Jimenez",
                "parent_group_id": "grp_19293"
              },
              {
                "contract_ids": [
                  "ctr_1-1NC95D"
                ],
                "group_id": "grp_237874",
                "group_name": "mellis",
                "parent_group_id": "grp_19293"
              },
              {
                "contract_ids": [
                  "ctr_1-1NC95D"
                ],
                "group_id": "grp_216369",
                "group_name": "thstark",
                "parent_group_id": "grp_19298"
              },
              {
                "contract_ids": [
                  "ctr_1-1NC95D"
                ],
                "group_id": "grp_235824",
                "group_name": "Smilegate",
                "parent_group_id": "grp_229967"
              },
              {
                "contract_ids": [
                  "ctr_1-1NC95D"
                ],
                "group_id": "grp_61748",
                "group_name": "jmasis",
                "parent_group_id": "grp_19293"
              },
              {
                "contract_ids": [
                  "ctr_1-1NC95D"
                ],
                "group_id": "grp_64821",
                "group_name": "Tomasz Nowicki",
                "parent_group_id": "grp_19293"
              },
              {
                "contract_ids": [
                  "ctr_1-1NC95D"
                ],
                "group_id": "grp_64822",
                "group_name": "gfiuzabe-bancopop",
                "parent_group_id": "grp_19293"
              },
              {
                "contract_ids": [
                  "ctr_1-1NC95D"
                ],
                "group_id": "grp_46393",
                "group_name": "Telecinco",
                "parent_group_id": "grp_19293"
              },
              {
                "contract_ids": [
                  "ctr_1-1NC95D"
                ],
                "group_id": "grp_50489",
                "group_name": "Pascal Laboratory",
                "parent_group_id": "grp_19293"
              },
              {
                "contract_ids": [
                  "ctr_1-1NC95D"
                ],
                "group_id": "grp_88383",
                "group_name": "Ajames",
                "parent_group_id": "grp_19293"
              },
              {
                "contract_ids": [
                  "ctr_1-1NC95D"
                ],
                "group_id": "grp_103743",
                "group_name": "rgonzale",
                "parent_group_id": "grp_19293"
              },
              {
                "contract_ids": [
                  "ctr_1-1NC95D"
                ],
                "group_id": "grp_74053",
                "group_name": "Charisma LaFleur",
                "parent_group_id": "grp_19293"
              },
              {
                "contract_ids": [
                  "ctr_1-1NC95D"
                ],
                "group_id": "grp_126281",
                "group_name": "eelbaz",
                "parent_group_id": "grp_19293"
              },
              {
                "contract_ids": [
                  "ctr_1-1NC95D"
                ],
                "group_id": "grp_293198",
                "group_name": "mwajner",
                "parent_group_id": "grp_19293"
              },
              {
                "contract_ids": [
                  "ctr_1-1NC95D"
                ],
                "group_id": "grp_68939",
                "group_name": "Tilak",
                "parent_group_id": "grp_19293"
              },
              {
                "contract_ids": [
                  "ctr_1-1NC95D"
                ],
                "group_id": "grp_164169",
                "group_name": "Greg Wolf",
                "parent_group_id": "grp_19293"
              },
              {
                "contract_ids": [
                  "ctr_1-1NC95D"
                ],
                "group_id": "grp_84303",
                "group_name": "Jacek Gajdosz",
                "parent_group_id": "grp_19293"
              },
              {
                "contract_ids": [
                  "ctr_1-1NC95D"
                ],
                "group_id": "grp_56655",
                "group_name": "marcinj",
                "parent_group_id": "grp_19293"
              },
              {
                "contract_ids": [
                  "ctr_1-1NC95D"
                ],
                "group_id": "grp_269643",
                "group_name": "rcavalhe",
                "parent_group_id": "grp_19293"
              },
              {
                "contract_ids": [
                  "ctr_1-1NC95D"
                ],
                "group_id": "grp_210257",
                "group_name": "PR-Cert",
                "parent_group_id": "grp_210256"
              },
              {
                "contract_ids": [
                  "ctr_1-1NC95D"
                ],
                "group_id": "grp_210256",
                "group_name": "ngarciac",
                "parent_group_id": "grp_19293"
              },
              {
                "contract_ids": [
                  "ctr_1-1NC95D"
                ],
                "group_id": "grp_294237",
                "group_name": "tzimmerm",
                "parent_group_id": "grp_19293"
              },
              {
                "contract_ids": [
                  "ctr_1-1NC95D"
                ],
                "group_id": "grp_271709",
                "group_name": "Achal-2",
                "parent_group_id": "grp_158472"
              },
              {
                "contract_ids": [
                  "ctr_1-1NC95D"
                ],
                "group_id": "grp_235866",
                "group_name": "jkrowick",
                "parent_group_id": "grp_19293"
              },
              {
                "contract_ids": [
                  "ctr_1-1NC95D"
                ],
                "group_id": "grp_91480",
                "group_name": "Jack Marczewski",
                "parent_group_id": "grp_19293"
              },
              {
                "contract_ids": [
                  "ctr_1-1NC95D"
                ],
                "group_id": "grp_294238",
                "group_name": "tzimmerm-restricted",
                "parent_group_id": "grp_294237"
              },
              {
                "contract_ids": [
                  "ctr_1-1NC95D"
                ],
                "group_id": "grp_271710",
                "group_name": "Achal-3",
                "parent_group_id": "grp_158472"
              },
              {
                "contract_ids": [
                  "ctr_1-1NC95D"
                ],
                "group_id": "grp_160089",
                "group_name": "jnaranjo",
                "parent_group_id": "grp_19293"
              },
              {
                "contract_ids": [
                  "ctr_1-1NC95D"
                ],
                "group_id": "grp_234846",
                "group_name": "jvargasc",
                "parent_group_id": "grp_19293"
              },
              {
                "contract_ids": [
                  "ctr_1-1NC95D"
                ],
                "group_id": "grp_128348",
                "group_name": "kai",
                "parent_group_id": "grp_19293"
              },
              {
                "contract_ids": [
                  "ctr_1-1NC95D"
                ],
                "group_id": "grp_143708",
                "group_name": "JBG",
                "parent_group_id": "grp_19293"
              },
              {
                "contract_ids": [
                  "ctr_1-1NC95D"
                ],
                "group_id": "grp_293211",
                "group_name": "mvarco",
                "parent_group_id": "grp_19293"
              },
              {
                "contract_ids": [
                  "ctr_1-1NC95D"
                ],
                "group_id": "grp_202080",
                "group_name": "lalexand",
                "parent_group_id": "grp_19293"
              },
              {
                "contract_ids": [
                  "ctr_1-1NC95D"
                ],
                "group_id": "grp_49509",
                "group_name": "Rasheed Bryant",
                "parent_group_id": "grp_19293"
              },
              {
                "contract_ids": [
                  "ctr_1-1NC95D"
                ],
                "group_id": "grp_261483",
                "group_name": "aarabaci-DSA Properties",
                "parent_group_id": "grp_216549"
              },
              {
                "contract_ids": [
                  "ctr_1-1NC95D"
                ],
                "group_id": "grp_217448",
                "group_name": "Customers",
                "parent_group_id": "grp_71960"
              },
              {
                "contract_ids": [
                  "ctr_1-1NC95D"
                ],
                "group_id": "grp_227694",
                "group_name": "yualin",
                "parent_group_id": "grp_19293"
              },
              {
                "contract_ids": [
                  "ctr_1-1NC95D"
                ],
                "group_id": "grp_245107",
                "group_name": "jarayaro",
                "parent_group_id": "grp_19293"
              },
              {
                "contract_ids": [
                  "ctr_1-1NC95D"
                ],
                "group_id": "grp_63858",
                "group_name": "Rmartine",
                "parent_group_id": "grp_19293"
              },
              {
                "contract_ids": [
                  "ctr_1-1NC95D"
                ],
                "group_id": "grp_139633",
                "group_name": "cng",
                "parent_group_id": "grp_19293"
              },
              {
                "contract_ids": [
                  "ctr_1-1NC95D"
                ],
                "group_id": "grp_245108",
                "group_name": "jarayaro subgroup",
                "parent_group_id": "grp_245107"
              },
              {
                "contract_ids": [
                  "ctr_1-1NC95D"
                ],
                "group_id": "grp_231801",
                "group_name": "jfuentes",
                "parent_group_id": "grp_19293"
              },
              {
                "contract_ids": [
                  "ctr_1-1NC95D"
                ],
                "group_id": "grp_231800",
                "group_name": "jfuentes",
                "parent_group_id": "grp_19298"
              },
              {
                "contract_ids": [
                  "ctr_1-1NC95D"
                ],
                "group_id": "grp_130426",
                "group_name": "dhighsmi",
                "parent_group_id": "grp_19293"
              },
              {
                "contract_ids": [
                  "ctr_1-1NC95D"
                ],
                "group_id": "grp_67966",
                "group_name": "TRIP - 12m",
                "parent_group_id": "grp_19298"
              },
              {
                "contract_ids": [
                  "ctr_1-1NC95D"
                ],
                "group_id": "grp_130430",
                "group_name": "jtong",
                "parent_group_id": "grp_19293"
              },
              {
                "contract_ids": [
                  "ctr_1-1NC95D"
                ],
                "group_id": "grp_70018",
                "group_name": "Media Partners",
                "parent_group_id": "grp_19293"
              },
              {
                "contract_ids": [
                  "ctr_1-1NC95D"
                ],
                "group_id": "grp_265601",
                "group_name": "sfarozi",
                "parent_group_id": "grp_19293"
              },
              {
                "contract_ids": [
                  "ctr_1-1NC95D"
                ],
                "group_id": "grp_181636",
                "group_name": "mmilewsk",
                "parent_group_id": "grp_19293"
              },
              {
                "contract_ids": [
                  "ctr_1-1NC95D"
                ],
                "group_id": "grp_257416",
                "group_name": "dpark",
                "parent_group_id": "grp_19298"
              },
              {
                "contract_ids": [
                  "ctr_1-1NC95D"
                ],
                "group_id": "grp_91533",
                "group_name": "Ian Cass",
                "parent_group_id": "grp_19293"
              },
              {
                "contract_ids": [
                  "ctr_1-1NC95D"
                ],
                "group_id": "grp_270728",
                "group_name": "gbonnet",
                "parent_group_id": "grp_19298"
              },
              {
                "contract_ids": [
                  "ctr_1-1NC95D"
                ],
                "group_id": "grp_133518",
                "group_name": "amesegue",
                "parent_group_id": "grp_19293"
              },
              {
                "contract_ids": [
                  "ctr_1-1NC95D"
                ],
                "group_id": "grp_39308",
                "group_name": "SER - test",
                "parent_group_id": "grp_19293"
              },
              {
                "contract_ids": [
                  "ctr_1-1NC95D"
                ],
                "group_id": "grp_264587",
                "group_name": "rahushar-demo",
                "parent_group_id": "grp_19293"
              },
              {
                "contract_ids": [
                  "ctr_1-1NC95D"
                ],
                "group_id": "grp_141712",
                "group_name": "Gabrio-2",
                "parent_group_id": "grp_90590"
              },
              {
                "contract_ids": [
                  "ctr_1-1NC95D"
                ],
                "group_id": "grp_197009",
                "group_name": "gsse",
                "parent_group_id": "grp_19293"
              },
              {
                "contract_ids": [
                  "ctr_1-1NC95D"
                ],
                "group_id": "grp_225681",
                "group_name": "hheo",
                "parent_group_id": "grp_19293"
              },
              {
                "contract_ids": [
                  "ctr_1-1NC95D"
                ],
                "group_id": "grp_92567",
                "group_name": "SD Media Training",
                "parent_group_id": "grp_19293"
              },
              {
                "contract_ids": [
                  "ctr_1-1NC95D"
                ],
                "group_id": "grp_63894",
                "group_name": "Josh Cheshire",
                "parent_group_id": "grp_19293"
              },
              {
                "contract_ids": [
                  "ctr_1-1NC95D"
                ],
                "group_id": "grp_181659",
                "group_name": "ancastro",
                "parent_group_id": "grp_19293"
              },
              {
                "contract_ids": [
                  "ctr_1-1NC95D"
                ],
                "group_id": "grp_138654",
                "group_name": "fofoTest",
                "parent_group_id": "grp_19298"
              },
              {
                "contract_ids": [
                  "ctr_1-1NC95D"
                ],
                "group_id": "grp_214430",
                "group_name": "vvelazqu-group",
                "parent_group_id": "grp_19293"
              },
              {
                "contract_ids": [
                  "ctr_1-1NC95D"
                ],
                "group_id": "grp_84383",
                "group_name": "JackieLiu",
                "parent_group_id": "grp_19293"
              },
              {
                "contract_ids": [
                  "ctr_1-1NC95D"
                ],
                "group_id": "grp_237981",
                "group_name": "Coupang",
                "parent_group_id": "grp_229967"
              },
              {
                "contract_ids": [
                  "ctr_1-1NC95D"
                ],
                "group_id": "grp_142754",
                "group_name": "ahaberl",
                "parent_group_id": "grp_19293"
              },
              {
                "contract_ids": [
                  "ctr_1-1NC95D"
                ],
                "group_id": "grp_64931",
                "group_name": "jzorko",
                "parent_group_id": "grp_19293"
              },
              {
                "contract_ids": [
                  "ctr_1-1NC95D"
                ],
                "group_id": "grp_303520",
                "group_name": "powershell-temp-56840208",
                "parent_group_id": "grp_209759"
              },
              {
                "contract_ids": [
                  "ctr_1-1NC95D"
                ],
                "group_id": "grp_101801",
                "group_name": "api-training",
                "parent_group_id": "grp_19298"
              },
              {
                "contract_ids": [
                  "ctr_1-1NC95D"
                ],
                "group_id": "grp_264621",
                "group_name": "SHA",
                "parent_group_id": "grp_19293"
              },
              {
                "contract_ids": [
                  "ctr_1-1NC95D"
                ],
                "group_id": "grp_101800",
                "group_name": "API Training",
                "parent_group_id": "grp_76048"
              },
              {
                "contract_ids": [
                  "ctr_1-1NC95D"
                ],
                "group_id": "grp_77226",
                "group_name": "krudnik",
                "parent_group_id": "grp_19293"
              },
              {
                "contract_ids": [
                  "ctr_1-1NC95D"
                ],
                "group_id": "grp_33197",
                "group_name": "AllDigital",
                "parent_group_id": "grp_19293"
              },
              {
                "contract_ids": [
                  "ctr_1-1NC95D"
                ],
                "group_id": "grp_114095",
                "group_name": "alexis",
                "parent_group_id": "grp_114094"
              },
              {
                "contract_ids": [
                  "ctr_1-1NC95D"
                ],
                "group_id": "grp_114094",
                "group_name": "pogba",
                "parent_group_id": "grp_19293"
              },
              {
                "contract_ids": [
                  "ctr_1-1NC95D"
                ],
                "group_id": "grp_193965",
                "group_name": "rguerra",
                "parent_group_id": "grp_19293"
              },
              {
                "contract_ids": [
                  "ctr_1-1NC95D"
                ],
                "group_id": "grp_71089",
                "group_name": "oreste",
                "parent_group_id": "grp_19293"
              },
              {
                "contract_ids": [
                  "ctr_1-1NC95D"
                ],
                "group_id": "grp_72112",
                "group_name": "Respeto",
                "parent_group_id": "grp_19293"
              },
              {
                "contract_ids": [
                  "ctr_1-1NC95D"
                ],
                "group_id": "grp_216497",
                "group_name": "Laly",
                "parent_group_id": "grp_19298"
              },
              {
                "contract_ids": [
                  "ctr_1-1NC95D"
                ],
                "group_id": "grp_139696",
                "group_name": "Romain Baraut",
                "parent_group_id": "grp_19293"
              },
              {
                "contract_ids": [
                  "ctr_1-1NC95D"
                ],
                "group_id": "grp_289201",
                "group_name": "Terraform",
                "parent_group_id": "grp_135659"
              },
              {
                "contract_ids": [
                  "ctr_1-1NC95D"
                ],
                "group_id": "grp_115127",
                "group_name": "amoza_web",
                "parent_group_id": "grp_19298"
              },
              {
                "contract_ids": [
                  "ctr_1-1NC95D"
                ],
                "group_id": "grp_115126",
                "group_name": "asks",
                "parent_group_id": "grp_95352"
              },
              {
                "contract_ids": [
                  "ctr_1-1NC95D"
                ],
                "group_id": "grp_257460",
                "group_name": "RedHat",
                "parent_group_id": "grp_217448"
              },
              {
                "contract_ids": [
                  "ctr_1-1NC95D"
                ],
                "group_id": "grp_105913",
                "group_name": "MMonge",
                "parent_group_id": "grp_19293"
              },
              {
                "contract_ids": [
                  "ctr_1-1NC95D"
                ],
                "group_id": "grp_265660",
                "group_name": "lgaldino",
                "parent_group_id": "grp_19293"
              },
              {
                "contract_ids": [
                  "ctr_1-1NC95D"
                ],
                "group_id": "grp_117177",
                "group_name": "Prod",
                "parent_group_id": "grp_80995"
              },
              {
                "contract_ids": [
                  "ctr_1-1NC95D"
                ],
                "group_id": "grp_117179",
                "group_name": "QA",
                "parent_group_id": "grp_80995"
              },
              {
                "contract_ids": [
                  "ctr_1-1NC95D"
                ],
                "group_id": "grp_288190",
                "group_name": "gosian_test_gr",
                "parent_group_id": "grp_116763"
              },
              {
                "contract_ids": [
                  "ctr_1-1NC95D"
                ],
                "group_id": "grp_117178",
                "group_name": "Dev",
                "parent_group_id": "grp_80995"
              },
              {
                "contract_ids": [
                  "ctr_1-1NC95D"
                ],
                "group_id": "grp_130493",
                "group_name": "Nik Stankic",
                "parent_group_id": "grp_19293"
              },
              {
                "contract_ids": [
                  "ctr_1-1NC95D"
                ],
                "group_id": "grp_154047",
                "group_name": "KShiang",
                "parent_group_id": "grp_19293"
              },
              {
                "contract_ids": [
                  "ctr_1-1NC95D"
                ],
                "group_id": "grp_199101",
                "group_name": "Efrost",
                "parent_group_id": "grp_19293"
              },
              {
                "contract_ids": [
                  "ctr_1-1NC95D"
                ],
                "group_id": "grp_31168",
                "group_name": "Jason Test Group",
                "parent_group_id": "grp_19293"
              },
              {
                "contract_ids": [
                  "ctr_1-1NC95D"
                ],
                "group_id": "grp_251330",
                "group_name": "_itisajoke",
                "parent_group_id": "grp_19293"
              },
              {
                "contract_ids": [
                  "ctr_1-1NC95D"
                ],
                "group_id": "grp_217538",
                "group_name": "disanche",
                "parent_group_id": "grp_19293"
              },
              {
                "contract_ids": [
                  "ctr_1-1NC95D"
                ],
                "group_id": "grp_72130",
                "group_name": "dpietras",
                "parent_group_id": "grp_19293"
              },
              {
                "contract_ids": [
                  "ctr_1-1NC95D"
                ],
                "group_id": "grp_228800",
                "group_name": "Workshops",
                "parent_group_id": "grp_71960"
              },
              {
                "contract_ids": [
                  "ctr_1-1NC95D"
                ],
                "group_id": "grp_47558",
                "group_name": "Chris Boone",
                "parent_group_id": "grp_19293"
              },
              {
                "contract_ids": [
                  "ctr_1-1NC95D"
                ],
                "group_id": "grp_257477",
                "group_name": "Demos - Templates",
                "parent_group_id": "grp_71960"
              },
              {
                "contract_ids": [
                  "ctr_1-1NC95D"
                ],
                "group_id": "grp_46535",
                "group_name": "test odutille",
                "parent_group_id": "grp_19293"
              },
              {
                "contract_ids": [
                  "ctr_1-1NC95D"
                ],
                "group_id": "grp_206282",
                "group_name": "Npoojary",
                "parent_group_id": "grp_19293"
              },
              {
                "contract_ids": [
                  "ctr_1-1NC95D"
                ],
                "group_id": "grp_149966",
                "group_name": "Maersk",
                "parent_group_id": "grp_105690"
              },
              {
                "contract_ids": [
                  "ctr_1-1NC95D"
                ],
                "group_id": "grp_87500",
                "group_name": "jbrigham",
                "parent_group_id": "grp_19293"
              },
              {
                "contract_ids": [
                  "ctr_1-1NC95D"
                ],
                "group_id": "grp_225741",
                "group_name": "mkot",
                "parent_group_id": "grp_19293"
              },
              {
                "contract_ids": [
                  "ctr_1-1NC95D"
                ],
                "group_id": "grp_211411",
                "group_name": "TV5Monde",
                "parent_group_id": "grp_211409"
              },
              {
                "contract_ids": [
                  "ctr_1-1NC95D"
                ],
                "group_id": "grp_211410",
                "group_name": "France Televisions",
                "parent_group_id": "grp_211409"
              },
              {
                "contract_ids": [
                  "ctr_1-1NC95D"
                ],
                "group_id": "grp_211409",
                "group_name": "ION-KSD",
                "parent_group_id": "grp_72896"
              },
              {
                "contract_ids": [
                  "ctr_1-1NC95D"
                ],
                "group_id": "grp_234967",
                "group_name": "gkale_setup",
                "parent_group_id": "grp_91274"
              },
              {
                "contract_ids": [
                  "ctr_1-1NC95D"
                ],
                "group_id": "grp_223702",
                "group_name": "Achuth",
                "parent_group_id": "grp_19293"
              },
              {
                "contract_ids": [
                  "ctr_1-1NC95D"
                ],
                "group_id": "grp_211412",
                "group_name": "France Medias Monde",
                "parent_group_id": "grp_211409"
              },
              {
                "contract_ids": [
                  "ctr_1-1NC95D"
                ],
                "group_id": "grp_67033",
                "group_name": "ajhunjhu",
                "parent_group_id": "grp_19293"
              },
              {
                "contract_ids": [
                  "ctr_1-1NC95D"
                ],
                "group_id": "grp_114136",
                "group_name": "Ishika",
                "parent_group_id": "grp_19293"
              },
              {
                "contract_ids": [
                  "ctr_1-1NC95D"
                ],
                "group_id": "grp_142809",
                "group_name": "jacoe",
                "parent_group_id": "grp_19293"
              },
              {
                "contract_ids": [
                  "ctr_1-1NC95D"
                ],
                "group_id": "grp_78300",
                "group_name": "Oscar Calvo",
                "parent_group_id": "grp_19293"
              },
              {
                "contract_ids": [
                  "ctr_1-1NC95D"
                ],
                "group_id": "grp_90590",
                "group_name": "Gabrio",
                "parent_group_id": "grp_19293"
              },
              {
                "contract_ids": [
                  "ctr_1-1NC95D"
                ],
                "group_id": "grp_95710",
                "group_name": "Jose Garcia",
                "parent_group_id": "grp_19293"
              },
              {
                "contract_ids": [
                  "ctr_1-1NC95D"
                ],
                "group_id": "grp_70113",
                "group_name": "Akamai_Fast_DNS",
                "parent_group_id": "grp_19293"
              },
              {
                "contract_ids": [
                  "ctr_1-1NC95D"
                ],
                "group_id": "grp_61921",
                "group_name": "Chris Cora",
                "parent_group_id": "grp_19293"
              },
              {
                "contract_ids": [
                  "ctr_1-1NC95D"
                ],
                "group_id": "grp_239074",
                "group_name": "Jayesh",
                "parent_group_id": "grp_19293"
              },
              {
                "contract_ids": [
                  "ctr_1-1NC95D"
                ],
                "group_id": "grp_56803",
                "group_name": "Aguzman",
                "parent_group_id": "grp_19293"
              },
              {
                "contract_ids": [
                  "ctr_1-1NC95D"
                ],
                "group_id": "grp_216549",
                "group_name": "aarabaci-lab",
                "parent_group_id": "grp_19293"
              },
              {
                "contract_ids": [
                  "ctr_1-1NC95D"
                ],
                "group_id": "grp_95719",
                "group_name": "Guido",
                "parent_group_id": "grp_19293"
              },
              {
                "contract_ids": [
                  "ctr_1-1NC95D"
                ],
                "group_id": "grp_186858",
                "group_name": "ddarocha",
                "parent_group_id": "grp_19293"
              },
              {
                "contract_ids": [
                  "ctr_1-1NC95D"
                ],
                "group_id": "grp_135659",
                "group_name": "Rafa Lab Testing",
                "parent_group_id": "grp_19293"
              },
              {
                "contract_ids": [
                  "ctr_1-1NC95D"
                ],
                "group_id": "grp_225770",
                "group_name": "supar",
                "parent_group_id": "grp_19293"
              },
              {
                "contract_ids": [
                  "ctr_1-1NC95D"
                ],
                "group_id": "grp_237032",
                "group_name": "contented-apprentice",
                "parent_group_id": "grp_131831"
              },
              {
                "contract_ids": [
                  "ctr_1-1NC95D"
                ],
                "group_id": "grp_293352",
                "group_name": "Sharath",
                "parent_group_id": "grp_19293"
              },
              {
                "contract_ids": [
                  "ctr_1-1NC95D"
                ],
                "group_id": "grp_86512",
                "group_name": "azalensk",
                "parent_group_id": "grp_19293"
              },
              {
                "contract_ids": [
                  "ctr_1-1NC95D"
                ],
                "group_id": "grp_194033",
                "group_name": "RUM_test",
                "parent_group_id": "grp_19293"
              },
              {
                "contract_ids": [
                  "ctr_1-1NC95D"
                ],
                "group_id": "grp_113143",
                "group_name": "DevOps",
                "parent_group_id": "grp_50489"
              },
              {
                "contract_ids": [
                  "ctr_1-1NC95D"
                ],
                "group_id": "grp_174580",
                "group_name": "Choice-Demo",
                "parent_group_id": "grp_19293"
              },
              {
                "contract_ids": [
                  "ctr_1-1NC95D"
                ],
                "group_id": "grp_165370",
                "group_name": "Kaki",
                "parent_group_id": "grp_19293"
              },
              {
                "contract_ids": [
                  "ctr_1-1NC95D"
                ],
                "group_id": "grp_161272",
                "group_name": "fmonteal",
                "parent_group_id": "grp_19293"
              },
              {
                "contract_ids": [
                  "ctr_1-1NC95D"
                ],
                "group_id": "grp_153084",
                "group_name": "ldobrowo",
                "parent_group_id": "grp_19293"
              },
              {
                "contract_ids": [
                  "ctr_1-1NC95D"
                ],
                "group_id": "grp_231937",
                "group_name": "jaesquiv",
                "parent_group_id": "grp_19293"
              },
              {
                "contract_ids": [
                  "ctr_1-1NC95D"
                ],
                "group_id": "grp_143872",
                "group_name": "esrodrig",
                "parent_group_id": "grp_19293"
              },
              {
                "contract_ids": [
                  "ctr_1-1NC95D"
                ],
                "group_id": "grp_64003",
                "group_name": "Mcastril",
                "parent_group_id": "grp_19293"
              },
              {
                "contract_ids": [
                  "ctr_1-1NC95D"
                ],
                "group_id": "grp_256516",
                "group_name": "cmaduro-lab2",
                "parent_group_id": "grp_19293"
              },
              {
                "contract_ids": [
                  "ctr_1-1NC95D"
                ],
                "group_id": "grp_223754",
                "group_name": "Joshua",
                "parent_group_id": "grp_19293"
              },
              {
                "contract_ids": [
                  "ctr_1-1NC95D"
                ],
                "group_id": "grp_154126",
                "group_name": "mastuamo",
                "parent_group_id": "grp_19298"
              },
              {
                "contract_ids": [
                  "ctr_1-1NC95D"
                ],
                "group_id": "grp_87564",
                "group_name": "Aloebach",
                "parent_group_id": "grp_19293"
              },
              {
                "contract_ids": [
                  "ctr_1-1NC95D"
                ],
                "group_id": "grp_87569",
                "group_name": "rchavarr",
                "parent_group_id": "grp_19293"
              },
              {
                "contract_ids": [
                  "ctr_1-1NC95D"
                ],
                "group_id": "grp_150032",
                "group_name": "mswider",
                "parent_group_id": "grp_19293"
              },
              {
                "contract_ids": [
                  "ctr_1-1NC95D"
                ],
                "group_id": "grp_53780",
                "group_name": "BGanu",
                "parent_group_id": "grp_19293"
              },
              {
                "contract_ids": [
                  "ctr_1-1NC95D"
                ],
                "group_id": "grp_64022",
                "group_name": "Subgroup Astua",
                "parent_group_id": "grp_19293"
              },
              {
                "contract_ids": [
                  "ctr_1-1NC95D"
                ],
                "group_id": "grp_181781",
                "group_name": "test",
                "parent_group_id": "grp_150032"
              },
              {
                "contract_ids": [
                  "ctr_1-1NC95D"
                ],
                "group_id": "grp_117272",
                "group_name": "dklein",
                "parent_group_id": "grp_19293"
              },
              {
                "contract_ids": [
                  "ctr_1-1NC95D"
                ],
                "group_id": "grp_202271",
                "group_name": "asean se",
                "parent_group_id": "grp_19293"
              },
              {
                "contract_ids": [
                  "ctr_1-1NC95D"
                ],
                "group_id": "grp_99869",
                "group_name": "MichalBar",
                "parent_group_id": "grp_19293"
              },
              {
                "contract_ids": [
                  "ctr_1-1NC95D"
                ],
                "group_id": "grp_271899",
                "group_name": "zbegic",
                "parent_group_id": "grp_19293"
              },
              {
                "contract_ids": [
                  "ctr_1-1NC95D"
                ],
                "group_id": "grp_205344",
                "group_name": "TD Bank",
                "parent_group_id": "grp_91480"
              },
              {
                "contract_ids": [
                  "ctr_1-1NC95D"
                ],
                "group_id": "grp_229920",
                "group_name": "ageorgem",
                "parent_group_id": "grp_19293"
              },
              {
                "contract_ids": [
                  "ctr_1-1NC95D"
                ],
                "group_id": "grp_33317",
                "group_name": "test group",
                "parent_group_id": "grp_19298"
              },
              {
                "contract_ids": [
                  "ctr_1-1NC95D"
                ],
                "group_id": "grp_78379",
                "group_name": "Romain Salmon",
                "parent_group_id": "grp_19293"
              },
              {
                "contract_ids": [
                  "ctr_1-1NC95D"
                ],
                "group_id": "grp_230959",
                "group_name": "AkaU",
                "parent_group_id": "grp_91480"
              },
              {
                "contract_ids": [
                  "ctr_1-1NC95D"
                ],
                "group_id": "grp_78380",
                "group_name": "HaVid",
                "parent_group_id": "grp_19293"
              },
              {
                "contract_ids": [
                  "ctr_1-1NC95D"
                ],
                "group_id": "grp_134706",
                "group_name": "gtmtestgroup",
                "parent_group_id": "grp_19298"
              },
              {
                "contract_ids": [
                  "ctr_1-1NC95D"
                ],
                "group_id": "grp_241211",
                "group_name": "test2aaaaaaaaaaaaaaaaaaaaaaaaaa hhhhaaa",
                "parent_group_id": "grp_241210"
              },
              {
                "contract_ids": [
                  "ctr_1-1NC95D"
                ],
                "group_id": "grp_241210",
                "group_name": "test1 aaaaaaaaaaa aaaaaaaaaaa",
                "parent_group_id": "grp_173788"
              },
              {
                "contract_ids": [
                  "ctr_1-1NC95D"
                ],
                "group_id": "grp_107064",
                "group_name": "Vasilios Betoglou",
                "parent_group_id": "grp_19293"
              },
              {
                "contract_ids": [
                  "ctr_1-1NC95D"
                ],
                "group_id": "grp_220729",
                "group_name": "agrzywa",
                "parent_group_id": "grp_19293"
              },
              {
                "contract_ids": [
                  "ctr_1-1NC95D"
                ],
                "group_id": "grp_226873",
                "group_name": "hsim",
                "parent_group_id": "grp_19293"
              },
              {
                "contract_ids": [
                  "ctr_1-1NC95D"
                ],
                "group_id": "grp_240184",
                "group_name": "jungeunk",
                "parent_group_id": "grp_19298"
              },
              {
                "contract_ids": [
                  "ctr_1-1NC95D"
                ],
                "group_id": "grp_121406",
                "group_name": "Sgandhi",
                "parent_group_id": "grp_19293"
              },
              {
                "contract_ids": [
                  "ctr_1-1NC95D"
                ],
                "group_id": "grp_102977",
                "group_name": "pberthet",
                "parent_group_id": "grp_19293"
              },
              {
                "contract_ids": [
                  "ctr_1-1NC95D"
                ],
                "group_id": "grp_161347",
                "group_name": "smacleod-restricted",
                "parent_group_id": "grp_131831"
              },
              {
                "contract_ids": [
                  "ctr_1-1NC95D"
                ],
                "group_id": "grp_128579",
                "group_name": "test",
                "parent_group_id": "grp_128578"
              },
              {
                "contract_ids": [
                  "ctr_1-1NC95D"
                ],
                "group_id": "grp_128578",
                "group_name": "zbtestgrp",
                "parent_group_id": "grp_19293"
              },
              {
                "contract_ids": [
                  "ctr_1-1NC95D"
                ],
                "group_id": "grp_219719",
                "group_name": "lshah_micro",
                "parent_group_id": "grp_88830"
              },
              {
                "contract_ids": [
                  "ctr_1-1NC95D"
                ],
                "group_id": "grp_268865",
                "group_name": "wgallinari",
                "parent_group_id": "grp_19293"
              },
              {
                "contract_ids": [
                  "ctr_1-1NC95D"
                ],
                "group_id": "grp_70216",
                "group_name": "dpietras",
                "parent_group_id": "grp_19293"
              },
              {
                "contract_ids": [
                  "ctr_1-1NC95D"
                ],
                "group_id": "grp_284239",
                "group_name": "ksdtest",
                "parent_group_id": "grp_19293"
              },
              {
                "contract_ids": [
                  "ctr_1-1NC95D"
                ],
                "group_id": "grp_202312",
                "group_name": "mrysnik",
                "parent_group_id": "grp_19293"
              },
              {
                "contract_ids": [
                  "ctr_1-1NC95D"
                ],
                "group_id": "grp_229967",
                "group_name": "hhong",
                "parent_group_id": "grp_19293"
              },
              {
                "contract_ids": [
                  "ctr_1-1NC95D"
                ],
                "group_id": "grp_184911",
                "group_name": "yachen",
                "parent_group_id": "grp_19298"
              },
              {
                "contract_ids": [
                  "ctr_1-1NC95D"
                ],
                "group_id": "grp_283210",
                "group_name": "Paradise Island",
                "parent_group_id": "grp_131831"
              },
              {
                "contract_ids": [
                  "ctr_1-1NC95D"
                ],
                "group_id": "grp_184913",
                "group_name": "lcontrer2",
                "parent_group_id": "grp_19293"
              },
              {
                "contract_ids": [
                  "ctr_1-1NC95D"
                ],
                "group_id": "grp_237141",
                "group_name": "Graciela Torres",
                "parent_group_id": "grp_19293"
              },
              {
                "contract_ids": [
                  "ctr_1-1NC95D"
                ],
                "group_id": "grp_61014",
                "group_name": "Fabian Calvo",
                "parent_group_id": "grp_19293"
              },
              {
                "contract_ids": [
                  "ctr_1-1NC95D"
                ],
                "group_id": "grp_164443",
                "group_name": "_Jonathan Taylor_",
                "parent_group_id": "grp_19293"
              },
              {
                "contract_ids": [
                  "ctr_1-1NC95D"
                ],
                "group_id": "grp_186975",
                "group_name": "ebonelli",
                "parent_group_id": "grp_19293"
              },
              {
                "contract_ids": [
                  "ctr_1-1NC95D"
                ],
                "group_id": "grp_156259",
                "group_name": "NidhiAgarwal",
                "parent_group_id": "grp_19293"
              },
              {
                "contract_ids": [
                  "ctr_1-1NC95D"
                ],
                "group_id": "grp_44645",
                "group_name": "Nicolas Weil",
                "parent_group_id": "grp_19293"
              },
              {
                "contract_ids": [
                  "ctr_1-1NC95D"
                ],
                "group_id": "grp_291426",
                "group_name": "abhiraj_test_policy",
                "parent_group_id": "grp_19293"
              },
              {
                "contract_ids": [
                  "ctr_1-1NC95D"
                ],
                "group_id": "grp_63079",
                "group_name": "Sola SME",
                "parent_group_id": "grp_19293"
              },
              {
                "contract_ids": [
                  "ctr_1-1NC95D"
                ],
                "group_id": "grp_67178",
                "group_name": "Brian Coloney",
                "parent_group_id": "grp_19293"
              },
              {
                "contract_ids": [
                  "ctr_1-1NC95D"
                ],
                "group_id": "grp_284272",
                "group_name": "Delivery Training SA",
                "parent_group_id": "grp_19298"
              },
              {
                "contract_ids": [
                  "ctr_1-1NC95D"
                ],
                "group_id": "grp_60020",
                "group_name": "Wshihhun",
                "parent_group_id": "grp_19293"
              },
              {
                "contract_ids": [
                  "ctr_1-1NC95D"
                ],
                "group_id": "grp_95865",
                "group_name": "Fabian Alfaro",
                "parent_group_id": "grp_19293"
              },
              {
                "contract_ids": [
                  "ctr_1-1NC95D"
                ],
                "group_id": "grp_176761",
                "group_name": "CustomerABC",
                "parent_group_id": "grp_87564"
              },
              {
                "contract_ids": [
                  "ctr_1-1NC95D"
                ],
                "group_id": "grp_271992",
                "group_name": "cacastro",
                "parent_group_id": "grp_19298"
              },
              {
                "contract_ids": [
                  "ctr_1-1NC95D"
                ],
                "group_id": "grp_238208",
                "group_name": "333333.Test Customer",
                "parent_group_id": "grp_131831"
              },
              {
                "contract_ids": [
                  "ctr_1-1NC95D"
                ],
                "group_id": "grp_181898",
                "group_name": "gldia",
                "parent_group_id": "grp_19293"
              },
              {
                "contract_ids": [
                  "ctr_1-1NC95D"
                ],
                "group_id": "grp_211595",
                "group_name": "ccurilla",
                "parent_group_id": "grp_19293"
              },
              {
                "contract_ids": [
                  "ctr_1-1NC95D"
                ],
                "group_id": "grp_237192",
                "group_name": "skrantz",
                "parent_group_id": "grp_19293"
              },
              {
                "contract_ids": [
                  "ctr_1-1NC95D"
                ],
                "group_id": "grp_42638",
                "group_name": "ScotTempleton",
                "parent_group_id": "grp_19293"
              },
              {
                "contract_ids": [
                  "ctr_1-1NC95D"
                ],
                "group_id": "grp_93838",
                "group_name": "Carlos Garcia",
                "parent_group_id": "grp_19293"
              },
              {
                "contract_ids": [
                  "ctr_1-1NC95D"
                ],
                "group_id": "grp_211596",
                "group_name": "ccurilla test",
                "parent_group_id": "grp_19293"
              },
              {
                "contract_ids": [
                  "ctr_1-1NC95D"
                ],
                "group_id": "grp_87697",
                "group_name": "Ziff Davis - All Product Contract - Non Billable",
                "parent_group_id": "grp_19293"
              },
              {
                "contract_ids": [
                  "ctr_1-1NC95D"
                ],
                "group_id": "grp_231059",
                "group_name": "CVARGASA-TEST",
                "parent_group_id": "grp_19293"
              },
              {
                "contract_ids": [
                  "ctr_1-1NC95D"
                ],
                "group_id": "grp_67216",
                "group_name": "Benjamin Leboime",
                "parent_group_id": "grp_19293"
              },
              {
                "contract_ids": [
                  "ctr_1-1NC95D"
                ],
                "group_id": "grp_87699",
                "group_name": "IGN",
                "parent_group_id": "grp_87697"
              },
              {
                "contract_ids": [
                  "ctr_1-1NC95D"
                ],
                "group_id": "grp_122515",
                "group_name": "sub_group_mjedruch",
                "parent_group_id": "grp_120680"
              },
              {
                "contract_ids": [
                  "ctr_1-1NC95D"
                ],
                "group_id": "grp_232081",
                "group_name": "sgoldber",
                "parent_group_id": "grp_19293"
              },
              {
                "contract_ids": [
                  "ctr_1-1NC95D"
                ],
                "group_id": "grp_87698",
                "group_name": "Ziff Davis",
                "parent_group_id": "grp_87697"
              },
              {
                "contract_ids": [
                  "ctr_1-1NC95D"
                ],
                "group_id": "grp_295568",
                "group_name": "icanales",
                "parent_group_id": "grp_19293"
              },
              {
                "contract_ids": [
                  "ctr_1-1NC95D"
                ],
                "group_id": "grp_87701",
                "group_name": "Ziff Davis - DSD Legacy - Billable",
                "parent_group_id": "grp_19293"
              },
              {
                "contract_ids": [
                  "ctr_1-1NC95D"
                ],
                "group_id": "grp_87700",
                "group_name": "J2 Global",
                "parent_group_id": "grp_87697"
              },
              {
                "contract_ids": [
                  "ctr_1-1NC95D"
                ],
                "group_id": "grp_87703",
                "group_name": "Ziff Davis - Edgesuite Delivery - Billable",
                "parent_group_id": "grp_19293"
              },
              {
                "contract_ids": [
                  "ctr_1-1NC95D"
                ],
                "group_id": "grp_87702",
                "group_name": "Ziff Davis - DSD New - Billable",
                "parent_group_id": "grp_19293"
              },
              {
                "contract_ids": [
                  "ctr_1-1NC95D"
                ],
                "group_id": "grp_87705",
                "group_name": "Ziff Davis - Object Caching - Billable",
                "parent_group_id": "grp_19293"
              },
              {
                "contract_ids": [
                  "ctr_1-1NC95D"
                ],
                "group_id": "grp_87704",
                "group_name": "Ziff Davis - Object Delivery - Billable",
                "parent_group_id": "grp_19293"
              },
              {
                "contract_ids": [
                  "ctr_1-1NC95D"
                ],
                "group_id": "grp_54937",
                "group_name": "Automation Task Force",
                "parent_group_id": "grp_19293"
              },
              {
                "contract_ids": [
                  "ctr_1-1NC95D"
                ],
                "group_id": "grp_219801",
                "group_name": "aglowack",
                "parent_group_id": "grp_19293"
              },
              {
                "contract_ids": [
                  "ctr_1-1NC95D"
                ],
                "group_id": "grp_87707",
                "group_name": "Ziff Davis - PMD Billable",
                "parent_group_id": "grp_19293"
              },
              {
                "contract_ids": [
                  "ctr_1-1NC95D"
                ],
                "group_id": "grp_87706",
                "group_name": "Ziff Davis - RMA - Billable",
                "parent_group_id": "grp_19293"
              },
              {
                "contract_ids": [
                  "ctr_1-1NC95D"
                ],
                "group_id": "grp_74397",
                "group_name": "njedrzej",
                "parent_group_id": "grp_19293"
              },
              {
                "contract_ids": [
                  "ctr_1-1NC95D"
                ],
                "group_id": "grp_87709",
                "group_name": "Ziff Davis - HD Streaming - Billable",
                "parent_group_id": "grp_19293"
              },
              {
                "contract_ids": [
                  "ctr_1-1NC95D"
                ],
                "group_id": "grp_87708",
                "group_name": "Ziff Davis - AMD - Billable",
                "parent_group_id": "grp_19293"
              },
              {
                "contract_ids": [
                  "ctr_1-1NC95D"
                ],
                "group_id": "grp_89759",
                "group_name": "Harishwer",
                "parent_group_id": "grp_19293"
              },
              {
                "contract_ids": [
                  "ctr_1-1NC95D"
                ],
                "group_id": "grp_87711",
                "group_name": "Ziff Davis - Download Delivery - Billable",
                "parent_group_id": "grp_19293"
              },
              {
                "contract_ids": [
                  "ctr_1-1NC95D"
                ],
                "group_id": "grp_127646",
                "group_name": "Raaj",
                "parent_group_id": "grp_19293"
              },
              {
                "contract_ids": [
                  "ctr_1-1NC95D"
                ],
                "group_id": "grp_87710",
                "group_name": "Ziff Davis - Netstorage - Billable",
                "parent_group_id": "grp_19293"
              },
              {
                "contract_ids": [
                  "ctr_1-1NC95D"
                ],
                "group_id": "grp_87712",
                "group_name": "Ziff Davis - Ion Standard - Billable",
                "parent_group_id": "grp_19293"
              },
              {
                "contract_ids": [
                  "ctr_1-1NC95D"
                ],
                "group_id": "grp_66211",
                "group_name": "Ascend",
                "parent_group_id": "grp_19293"
              },
              {
                "contract_ids": [
                  "ctr_1-1NC95D"
                ],
                "group_id": "grp_303777",
                "group_name": "joegan",
                "parent_group_id": "grp_19293"
              },
              {
                "contract_ids": [
                  "ctr_1-1NC95D"
                ],
                "group_id": "grp_81572",
                "group_name": "David Tam",
                "parent_group_id": "grp_19293"
              },
              {
                "contract_ids": [
                  "ctr_1-1NC95D"
                ],
                "group_id": "grp_234150",
                "group_name": "khan",
                "parent_group_id": "grp_19298"
              },
              {
                "contract_ids": [
                  "ctr_1-1NC95D"
                ],
                "group_id": "grp_216747",
                "group_name": "cmaduro-lab",
                "parent_group_id": "grp_19293"
              },
              {
                "contract_ids": [
                  "ctr_1-1NC95D"
                ],
                "group_id": "grp_205481",
                "group_name": "Ashu",
                "parent_group_id": "grp_19293"
              },
              {
                "contract_ids": [
                  "ctr_1-1NC95D"
                ],
                "group_id": "grp_280238",
                "group_name": "LUCS",
                "parent_group_id": "grp_19293"
              },
              {
                "contract_ids": [
                  "ctr_1-1NC95D"
                ],
                "group_id": "grp_218798",
                "group_name": "hmarinro",
                "parent_group_id": "grp_19293"
              },
              {
                "contract_ids": [
                  "ctr_1-1NC95D"
                ],
                "group_id": "grp_235187",
                "group_name": "__GENERAL-no group__",
                "parent_group_id": "grp_19293"
              },
              {
                "contract_ids": [
                  "ctr_1-1NC95D"
                ],
                "group_id": "grp_105136",
                "group_name": "Frederic Beleteau",
                "parent_group_id": "grp_19293"
              },
              {
                "contract_ids": [
                  "ctr_1-1NC95D"
                ],
                "group_id": "grp_133811",
                "group_name": "Buck",
                "parent_group_id": "grp_19298"
              },
              {
                "contract_ids": [
                  "ctr_1-1NC95D"
                ],
                "group_id": "grp_200369",
                "group_name": "lakhanis",
                "parent_group_id": "grp_19293"
              },
              {
                "contract_ids": [
                  "ctr_1-1NC95D"
                ],
                "group_id": "grp_263856",
                "group_name": "flopez-group",
                "parent_group_id": "grp_19293"
              },
              {
                "contract_ids": [
                  "ctr_1-1NC95D"
                ],
                "group_id": "grp_147126",
                "group_name": "rkuffner",
                "parent_group_id": "grp_19293"
              },
              {
                "contract_ids": [
                  "ctr_1-1NC95D"
                ],
                "group_id": "grp_236215",
                "group_name": "kshaik",
                "parent_group_id": "grp_19293"
              },
              {
                "contract_ids": [
                  "ctr_1-1NC95D"
                ],
                "group_id": "grp_155318",
                "group_name": "bcarstea",
                "parent_group_id": "grp_19293"
              },
              {
                "contract_ids": [
                  "ctr_1-1NC95D"
                ],
                "group_id": "grp_93876",
                "group_name": "Artur Sudnik - bak",
                "parent_group_id": "grp_19298"
              },
              {
                "contract_ids": [
                  "ctr_1-1NC95D"
                ],
                "group_id": "grp_48821",
                "group_name": "Sola PS Training",
                "parent_group_id": "grp_19293"
              },
              {
                "contract_ids": [
                  "ctr_1-1NC95D"
                ],
                "group_id": "grp_73399",
                "group_name": "mmaciurz",
                "parent_group_id": "grp_19293"
              },
              {
                "contract_ids": [
                  "ctr_1-1NC95D"
                ],
                "group_id": "grp_133812",
                "group_name": "Buck",
                "parent_group_id": "grp_19293"
              },
              {
                "contract_ids": [
                  "ctr_1-1NC95D"
                ],
                "group_id": "grp_217791",
                "group_name": "gkometia",
                "parent_group_id": "grp_19293"
              },
              {
                "contract_ids": [
                  "ctr_1-1NC95D"
                ],
                "group_id": "grp_264888",
                "group_name": "GS Script Club",
                "parent_group_id": "grp_19293"
              },
              {
                "contract_ids": [
                  "ctr_1-1NC95D"
                ],
                "group_id": "grp_68287",
                "group_name": "Gsacca",
                "parent_group_id": "grp_19293"
              },
              {
                "contract_ids": [
                  "ctr_1-1NC95D"
                ],
                "group_id": "grp_60101",
                "group_name": "Bun Taing",
                "parent_group_id": "grp_19293"
              },
              {
                "contract_ids": [
                  "ctr_1-1NC95D"
                ],
                "group_id": "grp_82634",
                "group_name": "dcuenca",
                "parent_group_id": "grp_19298"
              },
              {
                "contract_ids": [
                  "ctr_1-1NC95D"
                ],
                "group_id": "grp_97994",
                "group_name": "Test",
                "parent_group_id": "grp_19298"
              },
              {
                "contract_ids": [
                  "ctr_1-1NC95D"
                ],
                "group_id": "grp_111309",
                "group_name": "testsub",
                "parent_group_id": "grp_70216"
              },
              {
                "contract_ids": [
                  "ctr_1-1NC95D"
                ],
                "group_id": "grp_248535",
                "group_name": "nlukito",
                "parent_group_id": "grp_19293"
              },
              {
                "contract_ids": [
                  "ctr_1-1NC95D"
                ],
                "group_id": "grp_229078",
                "group_name": "Mohamed Aseem",
                "parent_group_id": "grp_19293"
              },
              {
                "contract_ids": [
                  "ctr_1-1NC95D"
                ],
                "group_id": "grp_81624",
                "group_name": "Raquel",
                "parent_group_id": "grp_19293"
              },
              {
                "contract_ids": [
                  "ctr_1-1NC95D"
                ],
                "group_id": "grp_303837",
                "group_name": "jgeronim",
                "parent_group_id": "grp_19293"
              },
              {
                "contract_ids": [
                  "ctr_1-1NC95D"
                ],
                "group_id": "grp_63194",
                "group_name": "Wholesale Delivery",
                "parent_group_id": "grp_19293"
              },
              {
                "contract_ids": [
                  "ctr_1-1NC95D"
                ],
                "group_id": "grp_88795",
                "group_name": "Aymen Abdeljaoued",
                "parent_group_id": "grp_19293"
              },
              {
                "contract_ids": [
                  "ctr_1-1NC95D"
                ],
                "group_id": "grp_214751",
                "group_name": "kabara",
                "parent_group_id": "grp_19293"
              },
              {
                "contract_ids": [
                  "ctr_1-1NC95D"
                ],
                "group_id": "grp_216798",
                "group_name": "Abinadi DevOps - DevSecOps - Automation ",
                "parent_group_id": "grp_19293"
              },
              {
                "contract_ids": [
                  "ctr_1-1NC95D"
                ],
                "group_id": "grp_174815",
                "group_name": "trainkit",
                "parent_group_id": "grp_19293"
              },
              {
                "contract_ids": [
                  "ctr_1-1NC95D"
                ],
                "group_id": "grp_173788",
                "group_name": "conf1",
                "parent_group_id": "grp_133812"
              },
              {
                "contract_ids": [
                  "ctr_1-1NC95D"
                ],
                "group_id": "grp_173789",
                "group_name": "conf2",
                "parent_group_id": "grp_133812"
              },
              {
                "contract_ids": [
                  "ctr_1-1NC95D"
                ],
                "group_id": "grp_265953",
                "group_name": "ca_gam",
                "parent_group_id": "grp_19293"
              },
              {
                "contract_ids": [
                  "ctr_1-1NC95D"
                ],
                "group_id": "grp_121574",
                "group_name": "bbrako",
                "parent_group_id": "grp_19293"
              },
              {
                "contract_ids": [
                  "ctr_1-1NC95D"
                ],
                "group_id": "grp_219883",
                "group_name": "cinnocen",
                "parent_group_id": "grp_19293"
              },
              {
                "contract_ids": [
                  "ctr_1-1NC95D"
                ],
                "group_id": "grp_100073",
                "group_name": "Subgroup 12",
                "parent_group_id": "grp_19298"
              },
              {
                "contract_ids": [
                  "ctr_1-1NC95D"
                ],
                "group_id": "grp_100074",
                "group_name": "test_nyk",
                "parent_group_id": "grp_19298"
              },
              {
                "contract_ids": [
                  "ctr_1-1NC95D"
                ],
                "group_id": "grp_281320",
                "group_name": "aligorio",
                "parent_group_id": "grp_19293"
              },
              {
                "contract_ids": [
                  "ctr_1-1NC95D"
                ],
                "group_id": "grp_131831",
                "group_name": "smacleod",
                "parent_group_id": "grp_19293"
              },
              {
                "contract_ids": [
                  "ctr_1-1NC95D"
                ],
                "group_id": "grp_215796",
                "group_name": "GFallas",
                "parent_group_id": "grp_19293"
              },
              {
                "contract_ids": [
                  "ctr_1-1NC95D"
                ],
                "group_id": "grp_278268",
                "group_name": "mdomingu",
                "parent_group_id": "grp_19293"
              },
              {
                "contract_ids": [
                  "ctr_1-1NC95D"
                ],
                "group_id": "grp_88830",
                "group_name": "LSHAH",
                "parent_group_id": "grp_19293"
              },
              {
                "contract_ids": [
                  "ctr_1-1NC95D"
                ],
                "group_id": "grp_201468",
                "group_name": "Image Video Manager",
                "parent_group_id": "grp_19293"
              },
              {
                "contract_ids": [
                  "ctr_1-1NC95D"
                ],
                "group_id": "grp_166658",
                "group_name": "Damian Kuzma",
                "parent_group_id": "grp_19293"
              },
              {
                "contract_ids": [
                  "ctr_1-1NC95D"
                ],
                "group_id": "grp_156419",
                "group_name": "akamaiu",
                "parent_group_id": "grp_19293"
              },
              {
                "contract_ids": [
                  "ctr_1-1NC95D"
                ],
                "group_id": "grp_166659",
                "group_name": "mbiernat",
                "parent_group_id": "grp_19293"
              },
              {
                "contract_ids": [
                  "ctr_1-1NC95D"
                ],
                "group_id": "grp_252672",
                "group_name": "mrm",
                "parent_group_id": "grp_19298"
              },
              {
                "contract_ids": [
                  "ctr_1-1NC95D"
                ],
                "group_id": "grp_90882",
                "group_name": "Adam Coleman",
                "parent_group_id": "grp_19293"
              },
              {
                "contract_ids": [
                  "ctr_1-1NC95D"
                ],
                "group_id": "grp_77570",
                "group_name": "Cameron Van Nada",
                "parent_group_id": "grp_19293"
              },
              {
                "contract_ids": [
                  "ctr_1-1NC95D"
                ],
                "group_id": "grp_107266",
                "group_name": "xli_media",
                "parent_group_id": "grp_19293"
              },
              {
                "contract_ids": [
                  "ctr_1-1NC95D"
                ],
                "group_id": "grp_177931",
                "group_name": "mgullott",
                "parent_group_id": "grp_19293"
              },
              {
                "contract_ids": [
                  "ctr_1-1NC95D"
                ],
                "group_id": "grp_158472",
                "group_name": "Achal",
                "parent_group_id": "grp_19293"
              },
              {
                "contract_ids": [
                  "ctr_1-1NC95D"
                ],
                "group_id": "grp_244489",
                "group_name": "arsharma",
                "parent_group_id": "grp_19293"
              },
              {
                "contract_ids": [
                  "ctr_1-1NC95D"
                ],
                "group_id": "grp_250639",
                "group_name": "aarabaci-Akamai_Labs-subgroup",
                "parent_group_id": "grp_216549"
              },
              {
                "contract_ids": [
                  "ctr_1-1NC95D"
                ],
                "group_id": "grp_144141",
                "group_name": "jnietogo",
                "parent_group_id": "grp_19293"
              },
              {
                "contract_ids": [
                  "ctr_1-1NC95D"
                ],
                "group_id": "grp_109331",
                "group_name": "jschmidt",
                "parent_group_id": "grp_19293"
              },
              {
                "contract_ids": [
                  "ctr_1-1NC95D"
                ],
                "group_id": "grp_247574",
                "group_name": "Lumen-Bliz",
                "parent_group_id": "grp_130430"
              },
              {
                "contract_ids": [
                  "ctr_1-1NC95D"
                ],
                "group_id": "grp_107287",
                "group_name": "kschagen",
                "parent_group_id": "grp_19293"
              },
              {
                "contract_ids": [
                  "ctr_1-1NC95D"
                ],
                "group_id": "grp_63255",
                "group_name": "Sample Parent",
                "parent_group_id": "grp_19293"
              },
              {
                "contract_ids": [
                  "ctr_1-1NC95D"
                ],
                "group_id": "grp_240411",
                "group_name": "microservice2",
                "parent_group_id": "grp_240409"
              },
              {
                "contract_ids": [
                  "ctr_1-1NC95D"
                ],
                "group_id": "grp_63256",
                "group_name": "Sample Sub-Group",
                "parent_group_id": "grp_63255"
              },
              {
                "contract_ids": [
                  "ctr_1-1NC95D"
                ],
                "group_id": "grp_106265",
                "group_name": "Francisco Picado",
                "parent_group_id": "grp_19293"
              },
              {
                "contract_ids": [
                  "ctr_1-1NC95D"
                ],
                "group_id": "grp_240410",
                "group_name": "microservice1",
                "parent_group_id": "grp_240409"
              },
              {
                "contract_ids": [
                  "ctr_1-1NC95D"
                ],
                "group_id": "grp_240409",
                "group_name": "kabara_includes_lab",
                "parent_group_id": "grp_214751"
              },
              {
                "contract_ids": [
                  "ctr_1-1NC95D"
                ],
                "group_id": "grp_60186",
                "group_name": "Arno Slabbekoorn",
                "parent_group_id": "grp_19293"
              },
              {
                "contract_ids": [
                  "ctr_1-1NC95D"
                ],
                "group_id": "grp_300831",
                "group_name": "mwoziwod",
                "parent_group_id": "grp_19298"
              },
              {
                "contract_ids": [
                  "ctr_1-1NC95D"
                ],
                "group_id": "grp_211743",
                "group_name": "prashans",
                "parent_group_id": "grp_19293"
              },
              {
                "contract_ids": [
                  "ctr_1-1NC95D"
                ],
                "group_id": "grp_178974",
                "group_name": "hazhang",
                "parent_group_id": "grp_19293"
              },
              {
                "contract_ids": [
                  "ctr_1-1NC95D"
                ],
                "group_id": "grp_166686",
                "group_name": "cbarlow",
                "parent_group_id": "grp_19293"
              },
              {
                "contract_ids": [
                  "ctr_1-1NC95D"
                ],
                "group_id": "grp_235293",
                "group_name": "Demos",
                "parent_group_id": "grp_91480"
              },
              {
                "contract_ids": [
                  "ctr_1-1NC95D"
                ],
                "group_id": "grp_143132",
                "group_name": "Marco-lab",
                "parent_group_id": "grp_19293"
              },
              {
                "contract_ids": [
                  "ctr_1-1NC95D"
                ],
                "group_id": "grp_229148",
                "group_name": "SarahRezkalla",
                "parent_group_id": "grp_19293"
              },
              {
                "contract_ids": [
                  "ctr_1-1NC95D"
                ],
                "group_id": "grp_106275",
                "group_name": "Jose Daniel Jimenez",
                "parent_group_id": "grp_19293"
              },
              {
                "contract_ids": [
                  "ctr_1-1NC95D"
                ],
                "group_id": "grp_106274",
                "group_name": "Jose Naranjo",
                "parent_group_id": "grp_19293"
              },
              {
                "contract_ids": [
                  "ctr_1-1NC95D"
                ],
                "group_id": "grp_115493",
                "group_name": "cicd",
                "parent_group_id": "grp_64931"
              },
              {
                "contract_ids": [
                  "ctr_1-1NC95D"
                ],
                "group_id": "grp_76580",
                "group_name": "Marcello de Sousa",
                "parent_group_id": "grp_19293"
              },
              {
                "contract_ids": [
                  "ctr_1-1NC95D"
                ],
                "group_id": "grp_138021",
                "group_name": "API_Client_test_vsurendr",
                "parent_group_id": "grp_19298"
              },
              {
                "contract_ids": [
                  "ctr_1-1NC95D"
                ],
                "group_id": "grp_244523",
                "group_name": "Shahriar-Khondokar",
                "parent_group_id": "grp_19293"
              },
              {
                "contract_ids": [
                  "ctr_1-1NC95D"
                ],
                "group_id": "grp_231210",
                "group_name": "dcanestr",
                "parent_group_id": "grp_19293"
              },
              {
                "contract_ids": [
                  "ctr_1-1NC95D"
                ],
                "group_id": "grp_123691",
                "group_name": "Hicks Laboratory - DO NOT ACCESS",
                "parent_group_id": "grp_19293"
              },
              {
                "contract_ids": [
                  "ctr_1-1NC95D"
                ],
                "group_id": "grp_77612",
                "group_name": "Smart",
                "parent_group_id": "grp_19293"
              },
              {
                "contract_ids": [
                  "ctr_1-1NC95D"
                ],
                "group_id": "grp_286516",
                "group_name": "AkamaiPowerShell-Child",
                "parent_group_id": "grp_209759"
              },
              {
                "contract_ids": [
                  "ctr_1-1NC95D"
                ],
                "group_id": "grp_261943",
                "group_name": "aarabaci-Cloud",
                "parent_group_id": "grp_216549"
              },
              {
                "contract_ids": [
                  "ctr_1-1NC95D"
                ],
                "group_id": "grp_82743",
                "group_name": "Willchcole",
                "parent_group_id": "grp_19298"
              },
              {
                "contract_ids": [
                  "ctr_1-1NC95D"
                ],
                "group_id": "grp_139066",
                "group_name": "Stockholm Tech Days",
                "parent_group_id": "grp_50489"
              },
              {
                "contract_ids": [
                  "ctr_1-1NC95D"
                ],
                "group_id": "grp_238398",
                "group_name": "szkamins",
                "parent_group_id": "grp_19293"
              },
              {
                "contract_ids": [
                  "ctr_1-1NC95D"
                ],
                "group_id": "grp_153415",
                "group_name": "Ian Cass 2",
                "parent_group_id": "grp_19293"
              },
              {
                "contract_ids": [
                  "ctr_1-1NC95D"
                ],
                "group_id": "grp_123716",
                "group_name": "xli_api",
                "parent_group_id": "grp_107266"
              },
              {
                "contract_ids": [
                  "ctr_1-1NC95D"
                ],
                "group_id": "grp_302914",
                "group_name": "cromero-tf-test",
                "parent_group_id": "grp_19293"
              },
              {
                "contract_ids": [
                  "ctr_1-1NC95D"
                ],
                "group_id": "grp_151365",
                "group_name": "ergonzal_test",
                "parent_group_id": "grp_19293"
              },
              {
                "contract_ids": [
                  "ctr_1-1NC95D"
                ],
                "group_id": "grp_226123",
                "group_name": "hyokim",
                "parent_group_id": "grp_19293"
              },
              {
                "contract_ids": [
                  "ctr_1-1NC95D"
                ],
                "group_id": "grp_124745",
                "group_name": "AntoineJ",
                "parent_group_id": "grp_19293"
              },
              {
                "contract_ids": [
                  "ctr_1-1NC95D"
                ],
                "group_id": "grp_240458",
                "group_name": "dpark",
                "parent_group_id": "grp_19293"
              },
              {
                "contract_ids": [
                  "ctr_1-1NC95D"
                ],
                "group_id": "grp_215880",
                "group_name": "jbell",
                "parent_group_id": "grp_19293"
              },
              {
                "contract_ids": [
                  "ctr_1-1NC95D"
                ],
                "group_id": "grp_192334",
                "group_name": "aparekh",
                "parent_group_id": "grp_19293"
              },
              {
                "contract_ids": [
                  "ctr_1-1NC95D"
                ],
                "group_id": "grp_192333",
                "group_name": "AnandParekh",
                "parent_group_id": "grp_19298"
              },
              {
                "contract_ids": [
                  "ctr_1-1NC95D"
                ],
                "group_id": "grp_143186",
                "group_name": "gam",
                "parent_group_id": "grp_19293"
              },
              {
                "contract_ids": [
                  "ctr_1-1NC95D"
                ],
                "group_id": "grp_234321",
                "group_name": "gramesh",
                "parent_group_id": "grp_19293"
              },
              {
                "contract_ids": [
                  "ctr_1-1NC95D"
                ],
                "group_id": "grp_217936",
                "group_name": "PS lcassiano",
                "parent_group_id": "grp_19293"
              },
              {
                "contract_ids": [
                  "ctr_1-1NC95D"
                ],
                "group_id": "grp_57174",
                "group_name": "EricDebeij",
                "parent_group_id": "grp_19293"
              },
              {
                "contract_ids": [
                  "ctr_1-1NC95D"
                ],
                "group_id": "grp_270172",
                "group_name": "Geo - Variables",
                "parent_group_id": "grp_270171"
              },
              {
                "contract_ids": [
                  "ctr_1-1NC95D"
                ],
                "group_id": "grp_127833",
                "group_name": "Vipul Soni",
                "parent_group_id": "grp_19293"
              },
              {
                "contract_ids": [
                  "ctr_1-1NC95D"
                ],
                "group_id": "grp_255832",
                "group_name": "medha-lab",
                "parent_group_id": "grp_19293"
              },
              {
                "contract_ids": [
                  "ctr_1-1NC95D"
                ],
                "group_id": "grp_209759",
                "group_name": "AkamaiPowershell",
                "parent_group_id": "grp_19293"
              },
              {
                "contract_ids": [
                  "ctr_1-1NC95D"
                ],
                "group_id": "grp_19293",
                "group_name": "Akamai Professional Services-1-1NC95D",
                "parent_group_id": ""
              },
              {
                "contract_ids": [
                  "ctr_1-1NC95D"
                ],
                "group_id": "grp_270171",
                "group_name": "Trainings",
                "parent_group_id": "grp_72896"
              },
              {
                "contract_ids": [
                  "ctr_1-1NC95D"
                ],
                "group_id": "grp_239452",
                "group_name": "Swetha N",
                "parent_group_id": "grp_19293"
              },
              {
                "contract_ids": [
                  "ctr_1-1NC95D"
                ],
                "group_id": "grp_19295",
                "group_name": "Time Inc Flash",
                "parent_group_id": "grp_19293"
              },
              {
                "contract_ids": [
                  "ctr_1-1NC95D"
                ],
                "group_id": "grp_19297",
                "group_name": "rabryant_test1",
                "parent_group_id": "grp_19293"
              },
              {
                "contract_ids": [
                  "ctr_1-1NC95D"
                ],
                "group_id": "grp_19298",
                "group_name": "SA Test PD 1",
                "parent_group_id": ""
              },
              {
                "contract_ids": [
                  "ctr_1-1NC95D"
                ],
                "group_id": "grp_204647",
                "group_name": "Kemartin",
                "parent_group_id": "grp_19293"
              },
              {
                "contract_ids": [
                  "ctr_1-1NC95D"
                ],
                "group_id": "grp_80745",
                "group_name": "pcichock",
                "parent_group_id": "grp_19293"
              },
              {
                "contract_ids": [
                  "ctr_1-1NC95D"
                ],
                "group_id": "grp_120680",
                "group_name": "mjedruch",
                "parent_group_id": "grp_19293"
              },
              {
                "contract_ids": [
                  "ctr_1-1NC95D"
                ],
                "group_id": "grp_161641",
                "group_name": "camadeo",
                "parent_group_id": "grp_19293"
              },
              {
                "contract_ids": [
                  "ctr_1-1NC95D"
                ],
                "group_id": "grp_191342",
                "group_name": "Abhimans",
                "parent_group_id": "grp_19293"
              },
              {
                "contract_ids": [
                  "ctr_1-1NC95D"
                ],
                "group_id": "grp_200559",
                "group_name": "jgeorge",
                "parent_group_id": "grp_19293"
              },
              {
                "contract_ids": [
                  "ctr_1-1NC95D"
                ],
                "group_id": "grp_87916",
                "group_name": "IGONZALE-nene",
                "parent_group_id": "grp_19293"
              },
              {
                "contract_ids": [
                  "ctr_1-1NC95D"
                ],
                "group_id": "grp_269162",
                "group_name": "SCO Sol Architects - EdgeWorkers Workshop 2024",
                "parent_group_id": "grp_19298"
              },
              {
                "contract_ids": [
                  "ctr_1-1NC95D"
                ],
                "group_id": "grp_209773",
                "group_name": "rthompso",
                "parent_group_id": "grp_19293"
              },
              {
                "contract_ids": [
                  "ctr_1-1NC95D"
                ],
                "group_id": "grp_165740",
                "group_name": "jcarloal",
                "parent_group_id": "grp_19293"
              },
              {
                "contract_ids": [
                  "ctr_1-1NC95D"
                ],
                "group_id": "grp_49006",
                "group_name": "Martin Steigleder",
                "parent_group_id": "grp_19293"
              },
              {
                "contract_ids": [
                  "ctr_1-1NC95D"
                ],
                "group_id": "grp_49007",
                "group_name": "Martin Steigleder",
                "parent_group_id": "grp_19298"
              },
              {
                "contract_ids": [
                  "ctr_1-1NC95D"
                ],
                "group_id": "grp_170867",
                "group_name": "Jonathan Taylor",
                "parent_group_id": "grp_19293"
              },
              {
                "contract_ids": [
                  "ctr_1-1NC95D"
                ],
                "group_id": "grp_80755",
                "group_name": "dascan",
                "parent_group_id": "grp_19293"
              },
              {
                "contract_ids": [
                  "ctr_1-1NC95D"
                ],
                "group_id": "grp_128887",
                "group_name": "Anaik",
                "parent_group_id": "grp_19293"
              },
              {
                "contract_ids": [
                  "ctr_1-1NC95D"
                ],
                "group_id": "grp_250740",
                "group_name": "Soarin_baselines",
                "parent_group_id": "grp_19293"
              },
              {
                "contract_ids": [
                  "ctr_1-1NC95D"
                ],
                "group_id": "grp_231290",
                "group_name": "jvermeer",
                "parent_group_id": "grp_19293"
              },
              {
                "contract_ids": [
                  "ctr_1-1NC95D"
                ],
                "group_id": "grp_238457",
                "group_name": "pcatapan",
                "parent_group_id": "grp_19293"
              },
              {
                "contract_ids": [
                  "ctr_1-1NC95D"
                ],
                "group_id": "grp_199550",
                "group_name": "tiwong",
                "parent_group_id": "grp_19293"
              },
              {
                "contract_ids": [
                  "ctr_1-1NC95D"
                ],
                "group_id": "grp_229245",
                "group_name": "sdurand",
                "parent_group_id": "grp_19293"
              },
              {
                "contract_ids": [
                  "ctr_1-1NC95D"
                ],
                "group_id": "grp_204675",
                "group_name": "mwinieck",
                "parent_group_id": "grp_19293"
              },
              {
                "contract_ids": [
                  "ctr_1-1NC95D"
                ],
                "group_id": "grp_78721",
                "group_name": "Jon Dean",
                "parent_group_id": "grp_19293"
              },
              {
                "contract_ids": [
                  "ctr_1-1NC95D"
                ],
                "group_id": "grp_204674",
                "group_name": "mwyzykow",
                "parent_group_id": "grp_19293"
              },
              {
                "contract_ids": [
                  "ctr_1-1NC95D"
                ],
                "group_id": "grp_276354",
                "group_name": "hancom",
                "parent_group_id": "grp_229967"
              },
              {
                "contract_ids": [
                  "ctr_1-1NC95D"
                ],
                "group_id": "grp_181124",
                "group_name": "mwoziwod",
                "parent_group_id": "grp_19293"
              },
              {
                "contract_ids": [
                  "ctr_1-1NC95D"
                ],
                "group_id": "grp_271246",
                "group_name": "sseifert-idealo-ws",
                "parent_group_id": "grp_19293"
              },
              {
                "contract_ids": [
                  "ctr_1-1NC95D"
                ],
                "group_id": "grp_290702",
                "group_name": "Locate 1",
                "parent_group_id": "grp_289201"
              },
              {
                "contract_ids": [
                  "ctr_1-1NC95D"
                ],
                "group_id": "grp_290703",
                "group_name": "Locate 2",
                "parent_group_id": "grp_290702"
              },
              {
                "contract_ids": [
                  "ctr_1-1NC95D"
                ],
                "group_id": "grp_220047",
                "group_name": "Training",
                "parent_group_id": "grp_220046"
              },
              {
                "contract_ids": [
                  "ctr_1-1NC95D"
                ],
                "group_id": "grp_220046",
                "group_name": "Raghu",
                "parent_group_id": "grp_19293"
              },
              {
                "contract_ids": [
                  "ctr_1-1NC95D"
                ],
                "group_id": "grp_243596",
                "group_name": "Murat-Test",
                "parent_group_id": "grp_19293"
              },
              {
                "contract_ids": [
                  "ctr_1-1NC95D"
                ],
                "group_id": "grp_123792",
                "group_name": "Allan Cardenas",
                "parent_group_id": "grp_19293"
              },
              {
                "contract_ids": [
                  "ctr_1-1NC95D"
                ],
                "group_id": "grp_234386",
                "group_name": "aarabaci-OD Properties",
                "parent_group_id": "grp_216549"
              },
              {
                "contract_ids": [
                  "ctr_1-1NC95D"
                ],
                "group_id": "grp_234385",
                "group_name": "Dhruva",
                "parent_group_id": "grp_19293"
              },
              {
                "contract_ids": [
                  "ctr_1-1NC95D"
                ],
                "group_id": "grp_290704",
                "group_name": "Find me Here",
                "parent_group_id": "grp_290703"
              },
              {
                "contract_ids": [
                  "ctr_1-1NC95D"
                ],
                "group_id": "grp_116630",
                "group_name": "NidhiAgarwal_Trip",
                "parent_group_id": "grp_19293"
              },
              {
                "contract_ids": [
                  "ctr_1-1NC95D"
                ],
                "group_id": "grp_49049",
                "group_name": "Subgroup testing",
                "parent_group_id": "grp_19293"
              },
              {
                "contract_ids": [
                  "ctr_1-1NC95D"
                ],
                "group_id": "grp_244634",
                "group_name": "jmarczew-soarin",
                "parent_group_id": "grp_91480"
              },
              {
                "contract_ids": [
                  "ctr_1-1NC95D"
                ],
                "group_id": "grp_68504",
                "group_name": "Mtest",
                "parent_group_id": "grp_19293"
              },
              {
                "contract_ids": [
                  "ctr_1-1NC95D"
                ],
                "group_id": "grp_152478",
                "group_name": "JPMC",
                "parent_group_id": "grp_91480"
              },
              {
                "contract_ids": [
                  "ctr_1-1NC95D"
                ],
                "group_id": "grp_115612",
                "group_name": "TechDayNL",
                "parent_group_id": "grp_19293"
              },
              {
                "contract_ids": [
                  "ctr_1-1NC95D"
                ],
                "group_id": "grp_152479",
                "group_name": "Citi",
                "parent_group_id": "grp_91480"
              },
              {
                "contract_ids": [
                  "ctr_1-1NC95D"
                ],
                "group_id": "grp_243619",
                "group_name": "Vimor",
                "parent_group_id": "grp_19298"
              },
              {
                "contract_ids": [
                  "ctr_1-1NC95D"
                ],
                "group_id": "grp_77732",
                "group_name": "Lukasz Zieba",
                "parent_group_id": "grp_19293"
              },
              {
                "contract_ids": [
                  "ctr_1-1NC95D"
                ],
                "group_id": "grp_98215",
                "group_name": "Nokia_Tests",
                "parent_group_id": "grp_19293"
              },
              {
                "contract_ids": [
                  "ctr_1-1NC95D"
                ],
                "group_id": "grp_160676",
                "group_name": "josjohns",
                "parent_group_id": "grp_19293"
              },
              {
                "contract_ids": [
                  "ctr_1-1NC95D"
                ],
                "group_id": "grp_229285",
                "group_name": "ShChoudhary",
                "parent_group_id": "grp_19293"
              },
              {
                "contract_ids": [
                  "ctr_1-1NC95D"
                ],
                "group_id": "grp_244644",
                "group_name": "kupadhya",
                "parent_group_id": "grp_19293"
              },
              {
                "contract_ids": [
                  "ctr_1-1NC95D"
                ],
                "group_id": "grp_77736",
                "group_name": "cflond",
                "parent_group_id": "grp_19293"
              },
              {
                "contract_ids": [
                  "ctr_1-1NC95D"
                ],
                "group_id": "grp_155563",
                "group_name": "jkornas",
                "parent_group_id": "grp_19293"
              },
              {
                "contract_ids": [
                  "ctr_1-1NC95D"
                ],
                "group_id": "grp_237480",
                "group_name": "Shubham Goel",
                "parent_group_id": "grp_19293"
              },
              {
                "contract_ids": [
                  "ctr_1-1NC95D"
                ],
                "group_id": "grp_218029",
                "group_name": "visheno",
                "parent_group_id": "grp_88795"
              },
              {
                "contract_ids": [
                  "ctr_1-1NC95D"
                ],
                "group_id": "grp_210867",
                "group_name": "pcosta",
                "parent_group_id": "grp_19293"
              },
              {
                "contract_ids": [
                  "ctr_1-1NC95D"
                ],
                "group_id": "grp_89011",
                "group_name": "Ankur Masurkar",
                "parent_group_id": "grp_19293"
              },
              {
                "contract_ids": [
                  "ctr_1-1NC95D"
                ],
                "group_id": "grp_91059",
                "group_name": "AMD Demo",
                "parent_group_id": "grp_19293"
              },
              {
                "contract_ids": [
                  "ctr_1-1NC95D"
                ],
                "group_id": "grp_227248",
                "group_name": "jungeunk",
                "parent_group_id": "grp_19293"
              },
              {
                "contract_ids": [
                  "ctr_1-1NC95D"
                ],
                "group_id": "grp_116662",
                "group_name": "Asaket",
                "parent_group_id": "grp_19293"
              },
              {
                "contract_ids": [
                  "ctr_1-1NC95D"
                ],
                "group_id": "grp_244666",
                "group_name": "sssssssss",
                "parent_group_id": "grp_19293"
              },
              {
                "contract_ids": [
                  "ctr_1-1NC95D"
                ],
                "group_id": "grp_87992",
                "group_name": "Michal Krobicki",
                "parent_group_id": "grp_19293"
              },
              {
                "contract_ids": [
                  "ctr_1-1NC95D"
                ],
                "group_id": "grp_104379",
                "group_name": "JPalma",
                "parent_group_id": "grp_19293"
              },
              {
                "contract_ids": [
                  "ctr_1-1NC95D"
                ],
                "group_id": "grp_96192",
                "group_name": "SWAN",
                "parent_group_id": "grp_19293"
              },
              {
                "contract_ids": [
                  "ctr_1-1NC95D"
                ],
                "group_id": "grp_265157",
                "group_name": "Antelope",
                "parent_group_id": "grp_19293"
              },
              {
                "contract_ids": [
                  "ctr_1-1NC95D"
                ],
                "group_id": "grp_300997",
                "group_name": "mtls",
                "parent_group_id": "grp_197710"
              },
              {
                "contract_ids": [
                  "ctr_1-1NC95D"
                ],
                "group_id": "grp_166849",
                "group_name": "ujain",
                "parent_group_id": "grp_19293"
              },
              {
                "contract_ids": [
                  "ctr_1-1NC95D"
                ],
                "group_id": "grp_124866",
                "group_name": "mbellema",
                "parent_group_id": "grp_19293"
              },
              {
                "contract_ids": [
                  "ctr_1-1NC95D"
                ],
                "group_id": "grp_96197",
                "group_name": "cgawthor",
                "parent_group_id": "grp_19293"
              },
              {
                "contract_ids": [
                  "ctr_1-1NC95D"
                ],
                "group_id": "grp_235460",
                "group_name": "maki",
                "parent_group_id": "grp_19293"
              },
              {
                "contract_ids": [
                  "ctr_1-1NC95D"
                ],
                "group_id": "grp_248779",
                "group_name": "terraform",
                "parent_group_id": "grp_197710"
              },
              {
                "contract_ids": [
                  "ctr_1-1NC95D"
                ],
                "group_id": "grp_73672",
                "group_name": "Paul M",
                "parent_group_id": "grp_19293"
              },
              {
                "contract_ids": [
                  "ctr_1-1NC95D"
                ],
                "group_id": "grp_302030",
                "group_name": "mholtzla",
                "parent_group_id": "grp_19293"
              },
              {
                "contract_ids": [
                  "ctr_1-1NC95D"
                ],
                "group_id": "grp_251855",
                "group_name": "djedrzej",
                "parent_group_id": "grp_19293"
              },
              {
                "contract_ids": [
                  "ctr_1-1NC95D"
                ],
                "group_id": "grp_293833",
                "group_name": "ion demo",
                "parent_group_id": "grp_133812"
              },
              {
                "contract_ids": [
                  "ctr_1-1NC95D"
                ],
                "group_id": "grp_210893",
                "group_name": "mhansen",
                "parent_group_id": "grp_19298"
              },
              {
                "contract_ids": [
                  "ctr_1-1NC95D"
                ],
                "group_id": "grp_134093",
                "group_name": "zzz abaraval",
                "parent_group_id": "grp_19293"
              },
              {
                "contract_ids": [
                  "ctr_1-1NC95D"
                ],
                "group_id": "grp_141266",
                "group_name": "Elie",
                "parent_group_id": "grp_19298"
              },
              {
                "contract_ids": [
                  "ctr_1-1NC95D"
                ],
                "group_id": "grp_267221",
                "group_name": "testing-include",
                "parent_group_id": "grp_19293"
              },
              {
                "contract_ids": [
                  "ctr_1-1NC95D"
                ],
                "group_id": "grp_141267",
                "group_name": "Lunacooking",
                "parent_group_id": "grp_141266"
              },
              {
                "contract_ids": [
                  "ctr_1-1NC95D"
                ],
                "group_id": "grp_228305",
                "group_name": "AdrianMoldovan",
                "parent_group_id": "grp_19293"
              },
              {
                "contract_ids": [
                  "ctr_1-1NC95D"
                ],
                "group_id": "grp_65491",
                "group_name": "lsandipo",
                "parent_group_id": "grp_19293"
              },
              {
                "contract_ids": [
                  "ctr_1-1NC95D"
                ],
                "group_id": "grp_66517",
                "group_name": "Nitya",
                "parent_group_id": "grp_19293"
              },
              {
                "contract_ids": [
                  "ctr_1-1NC95D"
                ],
                "group_id": "grp_237525",
                "group_name": "Balwant Singh",
                "parent_group_id": "grp_19293"
              },
              {
                "contract_ids": [
                  "ctr_1-1NC95D"
                ],
                "group_id": "grp_108506",
                "group_name": "EDGE17",
                "parent_group_id": "grp_19293"
              },
              {
                "contract_ids": [
                  "ctr_1-1NC95D"
                ],
                "group_id": "grp_109530",
                "group_name": "Daniel Howe",
                "parent_group_id": "grp_19293"
              },
              {
                "contract_ids": [
                  "ctr_1-1NC95D"
                ],
                "group_id": "grp_127964",
                "group_name": "JiveToLithium",
                "parent_group_id": "grp_19293"
              },
              {
                "contract_ids": [
                  "ctr_1-1NC95D"
                ],
                "group_id": "grp_159711",
                "group_name": "cbarlow",
                "parent_group_id": "grp_19293"
              },
              {
                "contract_ids": [
                  "ctr_1-1NC95D"
                ],
                "group_id": "grp_152540",
                "group_name": "akagarwa",
                "parent_group_id": "grp_19293"
              },
              {
                "contract_ids": [
                  "ctr_1-1NC95D"
                ],
                "group_id": "grp_123870",
                "group_name": "dgundapu",
                "parent_group_id": "grp_19293"
              },
              {
                "contract_ids": [
                  "ctr_1-1NC95D"
                ],
                "group_id": "grp_82916",
                "group_name": "JJayaram Presales",
                "parent_group_id": "grp_19293"
              },
              {
                "contract_ids": [
                  "ctr_1-1NC95D"
                ],
                "group_id": "grp_119780",
                "group_name": "dhowe",
                "parent_group_id": "grp_19293"
              },
              {
                "contract_ids": [
                  "ctr_1-1NC95D"
                ],
                "group_id": "grp_234475",
                "group_name": "Vromeroc-Group",
                "parent_group_id": "grp_19293"
              },
              {
                "contract_ids": [
                  "ctr_1-1NC95D"
                ],
                "group_id": "grp_74729",
                "group_name": "Alberto Alvaro",
                "parent_group_id": "grp_19293"
              },
              {
                "contract_ids": [
                  "ctr_1-1NC95D"
                ],
                "group_id": "grp_104426",
                "group_name": "Jose Herrera",
                "parent_group_id": "grp_19293"
              },
              {
                "contract_ids": [
                  "ctr_1-1NC95D"
                ],
                "group_id": "grp_267247",
                "group_name": "moveMe",
                "parent_group_id": "grp_131831"
              },
              {
                "contract_ids": [
                  "ctr_1-1NC95D"
                ],
                "group_id": "grp_51181",
                "group_name": "Media lab",
                "parent_group_id": "grp_50489"
              },
              {
                "contract_ids": [
                  "ctr_1-1NC95D"
                ],
                "group_id": "grp_93164",
                "group_name": "Image Manager",
                "parent_group_id": "grp_50489"
              },
              {
                "contract_ids": [
                  "ctr_1-1NC95D"
                ],
                "group_id": "grp_51182",
                "group_name": "NetStorage Lab",
                "parent_group_id": "grp_50489"
              },
              {
                "contract_ids": [
                  "ctr_1-1NC95D"
                ],
                "group_id": "grp_231404",
                "group_name": "temp",
                "parent_group_id": "grp_19293"
              },
              {
                "contract_ids": [
                  "ctr_1-1NC95D"
                ],
                "group_id": "grp_83953",
                "group_name": "jbarrant",
                "parent_group_id": "grp_19293"
              },
              {
                "contract_ids": [
                  "ctr_1-1NC95D"
                ],
                "group_id": "grp_52211",
                "group_name": "Maaraujo",
                "parent_group_id": "grp_19293"
              },
              {
                "contract_ids": [
                  "ctr_1-1NC95D"
                ],
                "group_id": "grp_233456",
                "group_name": "jyoon",
                "parent_group_id": "grp_19293"
              },
              {
                "contract_ids": [
                  "ctr_1-1NC95D"
                ],
                "group_id": "grp_140273",
                "group_name": "raverma_newHire",
                "parent_group_id": "grp_19293"
              },
              {
                "contract_ids": [
                  "ctr_1-1NC95D"
                ],
                "group_id": "grp_297969",
                "group_name": "sseifert-for-alecs",
                "parent_group_id": "grp_19293"
              },
              {
                "contract_ids": [
                  "ctr_1-1NC95D"
                ],
                "group_id": "grp_106486",
                "group_name": "emeza",
                "parent_group_id": "grp_19293"
              },
              {
                "contract_ids": [
                  "ctr_1-1NC95D"
                ],
                "group_id": "grp_92150",
                "group_name": "test",
                "parent_group_id": "grp_56655"
              },
              {
                "contract_ids": [
                  "ctr_1-1NC95D"
                ],
                "group_id": "grp_53246",
                "group_name": "AMP Hosted",
                "parent_group_id": "grp_19293"
              },
              {
                "contract_ids": [
                  "ctr_1-1NC95D"
                ],
                "group_id": "grp_203773",
                "group_name": "EricTest2",
                "parent_group_id": "grp_57174"
              }
            ],
            "id": "9c58baf1275e03fd551c10313d9de9be29278d6c"
          },
          "sensitive_attributes": [],
          "identity_schema_version": 0
        }
      ]
    },
    {
      "mode": "data",
      "type": "akamai_property",
      "name": "soshetty_prop",
      "provider": "provider[\"registry.terraform.io/akamai/akamai\"]",
      "instances": [
        {
          "schema_version": 0,
          "attributes": {
            "asset_id": "aid_10438704",
            "contract_id": "ctr_1-1NC95D",
            "group_id": "grp_94456",
            "id": "prp_352293",
            "latest_version": 39,
            "name": "testing.soshetty.com_pm",
            "note": "",
            "product_id": "prd_Site_Accel",
            "production_version": 38,
            "property_id": "prp_352293",
            "rule_format": "latest",
            "rules": "{\"accountId\":\"act_1-6JHGX\",\"contractId\":\"ctr_1-1NC95D\",\"groupId\":\"grp_94456\",\"propertyId\":\"prp_352293\",\"propertyVersion\":39,\"etag\":\"7bbd1d3f8faecf47b53d7e7d76527212751cad95\",\"ruleFormat\":\"latest\",\"rules\":{\"advancedOverride\":\"\\u003ccache:negative-ttl2\\u003e\\n                    \\u003cstatus\\u003eon\\u003c/status\\u003e\\n                    \\u003cvalue\\u003e5m\\u003c/value\\u003e\\n                \\u003c/cache:negative-ttl2\\u003e\\n                \\u003ccache:preserve-stale-objects\\u003eon\\u003c/cache:preserve-stale-objects\\u003e\\n                \\u003ccache:fwd-ims-flag-fix\\u003eon\\u003c/cache:fwd-ims-flag-fix\\u003e\\n\\u003cassign:variable\\u003e\\n  \\u003cname\\u003ePINT_CACHE_VALUE\\u003c/name\\u003e\\n  \\u003cvalue\\u003eEMPTY\\u003c/value\\u003e\\n\\u003c/assign:variable\\u003e\\n\\n          \\u003cmatch:metadata-stage value=\\\"client-request\\\" result=\\\"true\\\"\\u003e\\n\\u003cmatch:compare op=\\\"gt\\\" arg1=\\\"%(PMUSER_CL_HEADER)\\\" arg2=\\\"10000\\\"\\u003e\\n\\u003cmatch:response.header name=\\\"Content-Type\\\" value=\\\"application/json\\\" value-wildcard=\\\"on\\\" value-case=\\\"off\\\"\\u003e\\n           \\u003ccomment:note value=\\\"Start Feature advanced\\\"/\\u003e\\n                \\u003cedgeservices:lma.edge-browser\\u003eon\\u003c/edgeservices:lma.edge-browser\\u003e\\n\\u003cedgeservices:lma.incoming\\u003eon\\u003c/edgeservices:lma.incoming\\u003e\\n                \\u003ccomment:note value=\\\"End Feature advanced\\\"/\\u003e\\n                \\u003ccomment:note value=\\\"Start Feature setVariable\\\"/\\u003e\\n                \\u003cassign:variable\\u003e\\n                    \\u003cname\\u003ePMUSER_GZIP\\u003c/name\\u003e\\n                    \\u003cvalue\\u003etrue\\u003c/value\\u003e\\n                    \\u003chidden\\u003eoff\\u003c/hidden\\u003e\\n                    \\u003csensitive\\u003eoff\\u003c/sensitive\\u003e\\n                \\u003c/assign:variable\\u003e\\n                \\u003ccomment:note value=\\\"End Feature setVariable\\\"/\\u003e\\n\\u003c/match:response.header\\u003e\\n\\u003c/match:compare\\u003e\\n   \\u003c/match:metadata-stage\\u003e\\n\\n\",\"behaviors\":[{\"name\":\"origin\",\"options\":{\"netStorage\":{\"cpCode\":336855,\"downloadDomainName\":\"cmnets.download.akamai.com\",\"g2oToken\":null},\"originType\":\"NET_STORAGE\"}},{\"name\":\"cpCode\",\"options\":{\"value\":{\"id\":541840}}},{\"name\":\"caching\",\"options\":{\"behavior\":\"MAX_AGE\",\"mustRevalidate\":false,\"ttl\":\"10m\"}},{\"name\":\"sureRoute\",\"options\":{\"enabled\":false,\"srDownloadLinkTitle\":\"\"}},{\"name\":\"tieredDistribution\",\"options\":{\"enabled\":true,\"tieredDistributionMap\":\"CH2\"}},{\"name\":\"prefetch\",\"options\":{\"enabled\":true}},{\"name\":\"allowPost\",\"options\":{\"allowWithoutContentLength\":false,\"enabled\":true}},{\"name\":\"report\",\"options\":{\"logAcceptLanguage\":false,\"logCookies\":\"OFF\",\"logCustomLogField\":false,\"logEdgeIP\":false,\"logHost\":false,\"logReferer\":false,\"logUserAgent\":true,\"logXForwardedFor\":false}},{\"name\":\"realUserMonitoring\",\"options\":{\"enabled\":true}},{\"name\":\"cacheError\",\"options\":{\"enabled\":true,\"preserveStale\":true,\"ttl\":\"60s\"}}],\"children\":[{\"behaviors\":[{\"name\":\"gzipResponse\",\"options\":{\"behavior\":\"ORIGIN_RESPONSE\"}}],\"criteria\":[{\"name\":\"contentType\",\"options\":{\"matchCaseSensitive\":false,\"matchOperator\":\"IS_ONE_OF\",\"matchWildcard\":true,\"values\":[\"text/*\",\"application/javascript\",\"application/x-javascript\",\"application/x-javascript*\",\"application/json\",\"application/x-json\",\"application/*+json\",\"application/*+xml\",\"application/text\",\"application/vnd.microsoft.icon\",\"application/vnd-ms-fontobject\",\"application/x-font-ttf\",\"application/x-font-opentype\",\"application/x-font-truetype\",\"application/xmlfont/eot\",\"application/xml\",\"font/opentype\",\"font/otf\",\"font/eot\",\"image/svg+xml\",\"image/vnd.microsoft.icon\"]}}],\"name\":\"Content Compression\",\"options\":{},\"criteriaMustSatisfy\":\"all\"},{\"behaviors\":[{\"name\":\"caching\",\"options\":{\"behavior\":\"MAX_AGE\",\"mustRevalidate\":false,\"ttl\":\"1d\"}},{\"name\":\"prefetch\",\"options\":{\"enabled\":false}},{\"name\":\"prefetchable\",\"options\":{\"enabled\":true}}],\"criteria\":[{\"name\":\"fileExtension\",\"options\":{\"matchCaseSensitive\":false,\"matchOperator\":\"IS_ONE_OF\",\"values\":[\"aif\",\"aiff\",\"au\",\"avi\",\"bin\",\"bmp\",\"cab\",\"carb\",\"cct\",\"cdf\",\"class\",\"css\",\"doc\",\"dcr\",\"dtd\",\"exe\",\"flv\",\"gcf\",\"gff\",\"gif\",\"grv\",\"hdml\",\"hqx\",\"ico\",\"ini\",\"jpeg\",\"jpg\",\"js\",\"mov\",\"mp3\",\"nc\",\"pct\",\"pdf\",\"png\",\"ppc\",\"pws\",\"swa\",\"swf\",\"txt\",\"vbs\",\"w32\",\"wav\",\"wbmp\",\"wml\",\"wmlc\",\"wmls\",\"wmlsc\",\"xsd\",\"zip\",\"pict\",\"tif\",\"tiff\",\"mid\",\"midi\",\"ttf\",\"eot\",\"woff\",\"woff2\",\"otf\",\"svg\",\"svgz\",\"webp\",\"jxr\",\"jar\",\"jp2\"]}}],\"name\":\"Static Content\",\"options\":{},\"criteriaMustSatisfy\":\"all\"},{\"behaviors\":[{\"name\":\"downstreamCache\",\"options\":{\"behavior\":\"TUNNEL_ORIGIN\"}}],\"criteria\":[{\"name\":\"cacheability\",\"options\":{\"matchOperator\":\"IS_NOT\",\"value\":\"CACHEABLE\"}}],\"name\":\"Dynamic Content\",\"options\":{},\"criteriaMustSatisfy\":\"all\"},{\"behaviors\":[{\"name\":\"advanced\",\"options\":{\"description\":\"\",\"xml\":\"\\u003cmatch:request.type value=\\\"CLIENT_REQ\\\"\\u003e\\n\\u003cedgeservices:modify-outgoing-response.entity.sgml.status\\u003eon\\u003c/edgeservices:modify-outgoing-response.entity.sgml.status\\u003e\\n\\u003cedgeservices:modify-outgoing-response.entity.sgml.transformable-content-type\\u003etext/html\\u003c/edgeservices:modify-outgoing-response.entity.sgml.transformable-content-type\\u003e\\n\\u003cedgeservices:modify-outgoing-response.entity.sgml.transformable-status-codes\\u003e200:200\\u003c/edgeservices:modify-outgoing-response.entity.sgml.transformable-status-codes\\u003e\\n\\u003cedgeservices:modify-outgoing-response.entity.sgml.transform\\u003e\\n\\u003cmatch.tag\\u003einput\\u003c/match.tag\\u003e\\n\\u003cmatch.attribute\\u003ename\\u003c/match.attribute\\u003e\\n\\u003cmatch.attribute-value\\u003elastname\\u003c/match.attribute-value\\u003e\\n\\u003crule-id\\u003e0\\u003c/rule-id\\u003e\\n\\u003cmodule-name\\u003enone\\u003c/module-name\\u003e\\n\\u003cinsert-text\\u003e\\n\\u0026lt;input type=\\u0026quot;text\\u0026quot; name=\\u0026quot;surname\\u0026quot;\\u0026gt; \\u0026lt;/input\\u0026gt;\\n\\u003c/insert-text\\u003e\\n\\u003cinsert-text-max-size\\u003e8192B\\u003c/insert-text-max-size\\u003e\\n\\u003cposition\\u003einplace\\u003c/position\\u003e\\n\\u003c/edgeservices:modify-outgoing-response.entity.sgml.transform\\u003e\\n\\u003c/match:request.type\\u003e\"},\"uuid\":\"533fa182-ce1c-48b0-81bd-c118591850f1\"},{\"name\":\"advanced\",\"options\":{\"description\":\"\",\"xml\":\"\\u003ccache:no-store\\u003eon\\u003c/cache:no-store\\u003e\"},\"uuid\":\"8edec7cb-3167-4bb7-b244-5e8992b04b8e\"}],\"criteria\":[{\"name\":\"path\",\"options\":{\"matchCaseSensitive\":false,\"matchOperator\":\"MATCHES_ONE_OF\",\"normalize\":false,\"values\":[\"*/ghostwritertest.html\"]}}],\"name\":\"Page - rewrite\",\"options\":{},\"uuid\":\"41854b41-ecce-41a1-a437-528aed3c1bf0\",\"criteriaMustSatisfy\":\"all\"},{\"behaviors\":[{\"name\":\"origin\",\"options\":{\"cacheKeyHostname\":\"ORIGIN_HOSTNAME\",\"compress\":true,\"enableTrueClientIp\":false,\"forwardHostHeader\":\"REQUEST_HOST_HEADER\",\"hostname\":\"origin-dummy.test.soshetty.com\",\"httpPort\":80,\"httpsPort\":443,\"ipVersion\":\"IPV4\",\"minTlsVersion\":\"DYNAMIC\",\"originCertificate\":\"\",\"originSni\":true,\"originType\":\"CUSTOMER\",\"ports\":\"\",\"tls13Support\":false,\"tlsVersionTitle\":\"\",\"verificationMode\":\"PLATFORM_SETTINGS\"}}],\"criteria\":[{\"name\":\"path\",\"options\":{\"matchCaseSensitive\":false,\"matchOperator\":\"MATCHES_ONE_OF\",\"normalize\":false,\"values\":[\"/XYZ/*\"]}}],\"name\":\"New origin\",\"options\":{},\"criteriaMustSatisfy\":\"all\"},{\"behaviors\":[{\"name\":\"redirect\",\"options\":{\"destinationHostname\":\"SAME_AS_REQUEST\",\"destinationPath\":\"OTHER\",\"destinationPathOther\":\"/XYZ{{builtin.AK_PATH}}\",\"destinationProtocol\":\"SAME_AS_REQUEST\",\"mobileDefaultChoice\":\"DEFAULT\",\"queryString\":\"APPEND\",\"responseCode\":302}}],\"criteria\":[{\"name\":\"path\",\"options\":{\"matchCaseSensitive\":false,\"matchOperator\":\"MATCHES_ONE_OF\",\"normalize\":false,\"values\":[\"/abc/*\"]}},{\"name\":\"path\",\"options\":{\"matchCaseSensitive\":false,\"matchOperator\":\"MATCHES_ONE_OF\",\"normalize\":false,\"values\":[\"*/def/*\"]}}],\"name\":\"Redirect\",\"options\":{},\"criteriaMustSatisfy\":\"any\"},{\"behaviors\":[{\"name\":\"setVariable\",\"options\":{\"transform\":\"NONE\",\"valueSource\":\"EXPRESSION\",\"variableName\":\"PMUSER_COOKIETEST\",\"variableValue\":\"1\"}},{\"name\":\"setVariable\",\"options\":{\"caseSensitive\":true,\"extractLocation\":\"CLIENT_REQUEST_HEADER\",\"globalSubstitution\":false,\"headerName\":\"Cookie\",\"regex\":\"(.*)(test=[^;]+)(.*)\",\"replacement\":\"$1test=123$2\",\"transform\":\"SUBSTITUTE\",\"valueSource\":\"EXTRACT\",\"variableName\":\"PMUSER_COOFINAL\"}},{\"name\":\"setVariable\",\"options\":{\"extractLocation\":\"CLIENT_REQUEST_HEADER\",\"headerName\":\"Cookie\",\"transform\":\"NONE\",\"valueSource\":\"EXTRACT\",\"variableName\":\"PMUSER_COOKIE\"}},{\"name\":\"modifyOutgoingRequestHeader\",\"options\":{\"action\":\"MODIFY\",\"avoidDuplicateHeaders\":true,\"customHeaderName\":\"Cookie\",\"newHeaderValue\":\"{{user.PMUSER_COOFINAL}}\",\"standardModifyHeaderName\":\"OTHER\"}}],\"criteria\":[{\"name\":\"requestCookie\",\"options\":{\"cookieName\":\"test\",\"matchCaseSensitiveName\":true,\"matchOperator\":\"EXISTS\",\"matchWildcardName\":false}}],\"name\":\"Cookie value replace\",\"options\":{},\"criteriaMustSatisfy\":\"all\"},{\"behaviors\":[{\"name\":\"advanced\",\"options\":{\"description\":\"\",\"xml\":\"\\u003ccache:bypass\\u003eon\\u003c/cache:bypass\\u003e\"},\"uuid\":\"7d863f79-6a56-4b2a-9ab4-cf4e848e0d7b\"}],\"criteria\":[{\"name\":\"matchResponseCode\",\"options\":{\"matchOperator\":\"IS_ONE_OF\",\"values\":[\"200\"]}},{\"name\":\"requestHeader\",\"options\":{\"headerName\":\"cachetest\",\"matchOperator\":\"EXISTS\",\"matchWildcardName\":false}}],\"name\":\"response\",\"options\":{},\"uuid\":\"5db652e4-0e80-4f66-ba03-95ce7ee7a073\",\"criteriaMustSatisfy\":\"all\"},{\"behaviors\":[{\"name\":\"setVariable\",\"options\":{\"extractLocation\":\"RESPONSE_HEADER\",\"responseHeaderName\":\"Content-Length\",\"transform\":\"NONE\",\"valueSource\":\"EXTRACT\",\"variableName\":\"PMUSER_CL_HEADER\"}},{\"name\":\"modifyOutgoingResponseHeader\",\"options\":{\"action\":\"MODIFY\",\"avoidDuplicateHeaders\":true,\"customHeaderName\":\"X-Akam-CL-Check\",\"newHeaderValue\":\"true\",\"standardModifyHeaderName\":\"OTHER\"}}],\"criteria\":[{\"name\":\"responseHeader\",\"options\":{\"headerName\":\"X-Akam-CL-Check\",\"matchOperator\":\"DOES_NOT_EXIST\",\"matchWildcardName\":false}},{\"name\":\"responseHeader\",\"options\":{\"headerName\":\"Content-Length\",\"matchOperator\":\"EXISTS\",\"matchWildcardName\":false}},{\"name\":\"metadataStage\",\"options\":{\"matchOperator\":\"IS\",\"value\":\"client-request\"}}],\"name\":\"CL from NS\",\"options\":{},\"criteriaMustSatisfy\":\"all\"},{\"behaviors\":[{\"name\":\"advanced\",\"options\":{\"description\":\"\",\"xml\":\"\\u003cedgeservices:lma.edge-browser\\u003eon\\u003c/edgeservices:lma.edge-browser\\u003e\"},\"uuid\":\"7498fa8c-9f2b-4e43-9db2-40db531d60f0\"},{\"name\":\"setVariable\",\"options\":{\"transform\":\"NONE\",\"valueSource\":\"EXPRESSION\",\"variableName\":\"PMUSER_GZIP\",\"variableValue\":\"true\"}}],\"criteria\":[{\"name\":\"matchVariable\",\"options\":{\"matchOperator\":\"IS_GREATER_THAN\",\"variableExpression\":\"10000\",\"variableName\":\"PMUSER_CL_HEADER\"}},{\"name\":\"metadataStage\",\"options\":{\"matchOperator\":\"IS\",\"value\":\"client-request\"}}],\"name\":\"gzip compression\",\"options\":{},\"uuid\":\"04c3808e-b42c-4097-b016-b153178dcb54\",\"criteriaMustSatisfy\":\"all\"}],\"name\":\"default\",\"options\":{},\"uuid\":\"default\",\"variables\":[{\"description\":\"\",\"hidden\":false,\"name\":\"PMUSER_GZIP\",\"sensitive\":false,\"value\":\"\"},{\"description\":\"\",\"hidden\":false,\"name\":\"PMUSER_CL_HEADER\",\"sensitive\":false,\"value\":\"\"},{\"description\":\"\",\"hidden\":false,\"name\":\"PMUSER_COOKIETEST\",\"sensitive\":false,\"value\":\"false\"},{\"description\":\"\",\"hidden\":false,\"name\":\"PMUSER_COOFINAL\",\"sensitive\":false,\"value\":\"\"},{\"description\":\"\",\"hidden\":false,\"name\":\"PMUSER_COOKIE\",\"sensitive\":false,\"value\":\"\"},{\"description\":\"\",\"hidden\":false,\"name\":\"PMUSER_ERROR\",\"sensitive\":false,\"value\":\"\"}]}}",
            "staging_version": 39,
            "version": null
          },
          "sensitive_attributes": [],
          "identity_schema_version": 0
        }
      ]
    },
    {
      "mode": "data",
      "type": "akamai_property_rule_formats",
      "name": "my_rule_formats",
      "provider": "provider[\"registry.terraform.io/akamai/akamai\"]",
      "instances": [
        {
          "schema_version": 0,
          "attributes": {
            "id": "rule_format",
            "rule_format": [
              "v2025-09-09",
              "v2025-07-07",
              "v2025-05-30",
              "v2025-04-29",
              "v2025-03-24",
              "v2025-02-18",
              "v2025-01-13",
              "v2024-10-21",
              "v2024-08-13",
              "v2024-05-31",
              "v2024-02-12",
              "v2024-01-09",
              "v2023-10-30",
              "v2023-09-20",
              "v2023-05-30",
              "v2023-01-05",
              "v2022-10-18",
              "v2022-06-28",
              "v2021-09-22",
              "v2021-07-30",
              "v2020-11-02",
              "v2020-03-04",
              "v2019-07-25",
              "v2018-09-12",
              "v2018-02-27",
              "v2017-06-19",
              "v2016-11-15",
              "v2015-08-17",
              "latest"
            ]
          },
          "sensitive_attributes": [],
          "identity_schema_version": 0
        }
      ]
    },
    {
      "mode": "managed",
      "type": "akamai_appsec_configuration",
      "name": "soshetty_security_configuration",
      "provider": "provider[\"registry.terraform.io/akamai/akamai\"]",
      "instances": [
        {
          "schema_version": 0,
          "attributes": {
            "config_id": 119926,
            "contract_id": "1-1NC95D",
            "create_from_config_id": 119799,
            "create_from_version": 1,
            "description": "This is my new configuration for terraform Cohort",
            "group_id": 94456,
            "host_names": [
              "testing.soshetty.com"
            ],
            "id": "119926",
            "name": "Soshetty WA1"
          },
          "sensitive_attributes": [],
          "identity_schema_version": 0,
          "private": "bnVsbA==",
          "dependencies": [
            "data.akamai_property.soshetty_prop"
          ]
        }
      ]
    },
    {
      "mode": "managed",
      "type": "akamai_appsec_security_policy",
      "name": "mysecpolicy",
      "provider": "provider[\"registry.terraform.io/akamai/akamai\"]",
      "instances": [
        {
          "schema_version": 0,
          "attributes": {
            "config_id": 119926,
            "create_from_security_policy_id": null,
            "default_settings": true,
            "id": "119926:5464_314599",
            "security_policy_id": "5464_314599",
            "security_policy_name": "newpolicy1",
            "security_policy_prefix": "5464"
          },
          "sensitive_attributes": [],
          "identity_schema_version": 0,
          "private": "bnVsbA==",
          "dependencies": [
            "data.akamai_appsec_configuration.soshetty_security_configuration_data"
          ]
        }
      ]
    },
    {
      "mode": "managed",
      "type": "akamai_appsec_security_policy",
      "name": "newsecpolicy",
      "provider": "provider[\"registry.terraform.io/akamai/akamai\"]",
      "instances": [
        {
          "schema_version": 0,
          "attributes": {
            "config_id": 119926,
            "create_from_security_policy_id": "5464_314599",
            "default_settings": true,
            "id": "119926:6568_314600",
            "security_policy_id": "6568_314600",
            "security_policy_name": "wafpolicy2",
            "security_policy_prefix": "6568"
          },
          "sensitive_attributes": [],
          "identity_schema_version": 0,
          "private": "bnVsbA==",
          "dependencies": [
            "data.akamai_appsec_configuration.soshetty_security_configuration_data",
            "data.akamai_appsec_security_policy.appsecdata"
          ]
        }
      ]
    },
    {
      "mode": "managed",
      "type": "akamai_cp_code",
      "name": "my_cp_code",
      "provider": "provider[\"registry.terraform.io/akamai/akamai\"]",
      "instances": [
        {
          "schema_version": 1,
          "attributes": {
            "contract_id": "ctr_1-1NC95D",
            "group_id": "grp_94456",
            "id": "1907652",
            "name": "My CP Code",
            "product_id": "prd_Fresca",
            "timeouts": [
              {
                "update": "1h"
              }
            ]
          },
          "sensitive_attributes": [],
          "identity_schema_version": 0,
          "private": "eyJlMmJmYjczMC1lY2FhLTExZTYtOGY4OC0zNDM2M2JjN2M0YzAiOnsidXBkYXRlIjozNjAwMDAwMDAwMDAwfSwic2NoZW1hX3ZlcnNpb24iOiIxIn0=",
          "dependencies": [
            "data.akamai_appsec_contracts_groups.my_contracts_groups"
          ]
        }
      ]
    },
    {
      "mode": "managed",
      "type": "akamai_edge_hostname",
      "name": "my_ehn",
      "provider": "provider[\"registry.terraform.io/akamai/akamai\"]",
      "instances": [
        {
          "schema_version": 0,
          "attributes": {
            "certificate": null,
            "contract_id": "ctr_1-1NC95D",
            "edge_hostname": "new-terraform-property.soshetty.com.edgesuite.net",
            "group_id": "grp_94456",
            "id": "ehn_6052654",
            "ip_behavior": "IPV4",
            "product_id": "prd_Fresca",
            "status_update_email": null,
            "timeouts": [],
            "ttl": null,
            "use_cases": ""
          },
          "sensitive_attributes": [],
          "identity_schema_version": 0,
          "private": "eyJlMmJmYjczMC1lY2FhLTExZTYtOGY4OC0zNDM2M2JjN2M0YzAiOnsiY3JlYXRlIjoxMjAwMDAwMDAwMDAwLCJkZWZhdWx0IjoxMjAwMDAwMDAwMDAwLCJkZWxldGUiOjEyMDAwMDAwMDAwMDAsInJlYWQiOjEyMDAwMDAwMDAwMDAsInVwZGF0ZSI6MTIwMDAwMDAwMDAwMH19",
          "dependencies": [
            "data.akamai_appsec_contracts_groups.my_contracts_groups"
          ]
        }
      ]
    },
    {
      "mode": "managed",
      "type": "akamai_property",
      "name": "new-property",
      "provider": "provider[\"registry.terraform.io/akamai/akamai\"]",
      "instances": [
        {
          "schema_version": 1,
          "attributes": {
            "asset_id": "aid_11566509",
            "contract_id": "ctr_1-1NC95D",
            "group_id": "grp_94456",
            "hostnames": [],
            "id": "prp_1278219",
            "latest_version": 1,
            "name": "soshetty-new-property",
            "product_id": "prd_Fresca",
            "production_version": 0,
            "property_id": null,
            "read_version": 0,
            "rule_errors": [
              {
                "behavior_name": "",
                "detail": "The Origin Server Hostname option on the `Origin Server` behavior is required.",
                "error_location": "#/rules/behaviors/0/options/hostname",
                "instance": "",
                "status_code": 0,
                "title": "",
                "type": "https://problems.luna.akamaiapis.net/papi/v0/validation/attribute_required"
              },
              {
                "behavior_name": "",
                "detail": "The Debug Key option in `Enhanced Debug` must not be empty.",
                "error_location": "#/rules/behaviors/1/options/debugKey",
                "instance": "",
                "status_code": 0,
                "title": "",
                "type": "https://problems.luna.akamaiapis.net/papi/v0/validation/option_empty"
              },
              {
                "behavior_name": "",
                "detail": "The Content Provider Code option on the `Content Provider Code` behavior is required.",
                "error_location": "#/rules/children/0/children/0/behaviors/0/options/value",
                "instance": "",
                "status_code": 0,
                "title": "",
                "type": "https://problems.luna.akamaiapis.net/papi/v0/validation/attribute_required"
              }
            ],
            "rule_format": "latest",
            "rule_warnings": [
              {
                "behavior_name": "",
                "detail": "Matching on `Request Type` requires thorough understanding of the way Akamai Edge servers process requests.  If you are unsure about how this will affect your property, please contact your Akamai Technical representative, and please test thoroughly on staging before activating on production.",
                "error_location": "#/rules/children/0/children/2/criteria/0",
                "instance": "",
                "status_code": 0,
                "title": "",
                "type": "https://problems.luna.akamaiapis.net/papi/v0/validation/validation_message.general_warning"
              },
              {
                "behavior_name": "",
                "detail": "HTTP/3 connection reuse lets clients re-use an open connection for any domain included in your certificate, even if these domains point to different origins. Most browsers will perform a DNS query to ensure there's an overlap in the domain's IP before reusing the connection. If you're using multiple certificates, specifically both Standard TLS and Enhanced TLS, don't include the same domain across them. If you do, an HTTP request to the domain that requires Enhanced TLS could be resolved using the less secure Standard TLS certificate, and vice-versa.",
                "error_location": "#/rules/children/1/children/1/behaviors/1",
                "instance": "",
                "status_code": 0,
                "title": "",
                "type": "https://problems.luna.akamaiapis.net/papi/v0/validation/validation_message.http3_enabled_warning_reuse"
              },
              {
                "behavior_name": "",
                "detail": "Enabling preload makes future downgrade to HTTP difficult.",
                "error_location": "#/rules/children/3/children/3/behaviors/0",
                "instance": "",
                "status_code": 0,
                "title": "",
                "type": "https://problems.luna.akamaiapis.net/papi/v0/validation/need_feature"
              }
            ],
            "rules": "{\"rules\":{\"behaviors\":[{\"name\":\"origin\",\"options\":{\"cacheKeyHostname\":\"REQUEST_HOST_HEADER\",\"compress\":true,\"enableTrueClientIp\":true,\"forwardHostHeader\":\"REQUEST_HOST_HEADER\",\"http2Enabled\":false,\"http2Title\":\"\",\"httpPort\":80,\"httpsPort\":443,\"maxTlsVersion\":\"DYNAMIC\",\"minTlsVersion\":\"DYNAMIC\",\"originCertificate\":\"\",\"originSni\":true,\"originType\":\"CUSTOMER\",\"ports\":\"\",\"tlsVersionTitle\":\"\",\"trueClientIpClientSetting\":false,\"trueClientIpHeader\":\"True-Client-IP\",\"verificationMode\":\"PLATFORM_SETTINGS\"}},{\"name\":\"enhancedDebug\",\"options\":{\"debugKey\":\"\",\"disablePragma\":true,\"enableDebug\":true,\"generateGrn\":true}}],\"children\":[{\"children\":[{\"behaviors\":[{\"name\":\"cpCode\",\"options\":{\"enableDefaultContentProviderCode\":false}}],\"comments\":\"Identify your main traffic segments so you can granularly zoom in your traffic statistics like hits, bandwidth, offload, response codes, and errors.\",\"name\":\"Traffic reporting\",\"options\":{},\"criteriaMustSatisfy\":\"all\"},{\"behaviors\":[{\"name\":\"mPulse\",\"options\":{\"apiKey\":\"\",\"bufferSize\":\"\",\"configOverride\":\"\",\"enabled\":true,\"loaderVersion\":\"V12\",\"requirePci\":false,\"titleOptional\":\"\"}}],\"comments\":\"Collect and analyze real-user data to monitor the performance of your website.\",\"name\":\"mPulse RUM\",\"options\":{},\"criteriaMustSatisfy\":\"all\"},{\"behaviors\":[{\"name\":\"edgeScape\",\"options\":{\"enabled\":false}}],\"comments\":\"Receive data about a user's geolocation and connection speed in a request header. If you change cached content based on the values of the X-Akamai-Edgescape request header, contact your account representative.\",\"criteria\":[{\"name\":\"requestType\",\"options\":{\"matchOperator\":\"IS\",\"value\":\"CLIENT_REQ\"}}],\"name\":\"Geolocation\",\"options\":{},\"criteriaMustSatisfy\":\"all\"},{\"behaviors\":[{\"name\":\"report\",\"options\":{\"logAcceptLanguage\":false,\"logCookies\":\"OFF\",\"logCustomLogField\":false,\"logEdgeIP\":false,\"logHost\":false,\"logReferer\":false,\"logUserAgent\":false,\"logXForwardedFor\":false}}],\"comments\":\"Specify the level of detail you want to be logged in your Log Delivery Service reports. Log User-Agent Header to obtain detailed information in the Traffic by Browser and OS report.\",\"name\":\"Log delivery\",\"options\":{},\"criteriaMustSatisfy\":\"all\"}],\"comments\":\"Control the settings related to monitoring and reporting. This gives you additional visibility into your traffic and audiences.\",\"name\":\"Augment insights\",\"options\":{},\"criteriaMustSatisfy\":\"all\"},{\"children\":[{\"behaviors\":[{\"name\":\"dnsAsyncRefresh\",\"options\":{\"enabled\":true,\"timeout\":\"1h\"}}],\"comments\":\"Optimize the connection between edge and origin.\",\"name\":\"Origin connectivity\",\"options\":{},\"criteriaMustSatisfy\":\"all\"},{\"behaviors\":[{\"name\":\"enhancedAkamaiProtocol\",\"options\":{\"display\":\"\"}},{\"name\":\"http3\",\"options\":{\"enable\":true}},{\"name\":\"http2\",\"options\":{\"enabled\":\"\"}},{\"name\":\"allowTransferEncoding\",\"options\":{\"enabled\":true}},{\"name\":\"sureRoute\",\"options\":{\"enableCustomKey\":false,\"enabled\":true,\"forceSslForward\":false,\"raceStatTtl\":\"30m\",\"srDownloadLinkTitle\":\"\",\"testObjectUrl\":\"/akamai/sureroute-test-object.html\",\"toHostStatus\":\"INCOMING_HH\",\"type\":\"PERFORMANCE\"}}],\"comments\":\"Serve your website using modern and fast protocols.\",\"name\":\"Protocol optimizations\",\"options\":{},\"criteriaMustSatisfy\":\"all\"},{\"children\":[{\"behaviors\":[{\"name\":\"prefetch\",\"options\":{\"enabled\":true}}],\"children\":[{\"behaviors\":[{\"name\":\"prefetch\",\"options\":{\"enabled\":false}}],\"comments\":\"Disable prefetching for specific clients identifying themselves as bots and crawlers. This avoids requesting unnecessary resources from the origin.\",\"criteria\":[{\"name\":\"userAgent\",\"options\":{\"matchCaseSensitive\":false,\"matchOperator\":\"IS_ONE_OF\",\"matchWildcard\":true,\"values\":[\"*bot*\",\"*crawl*\",\"*spider*\"]}}],\"name\":\"Bots\",\"options\":{},\"criteriaMustSatisfy\":\"all\"}],\"comments\":\"Define for which HTML pages prefetching should be enabled.\",\"name\":\"Prefetching objects\",\"options\":{},\"criteriaMustSatisfy\":\"all\"},{\"behaviors\":[{\"name\":\"prefetchable\",\"options\":{\"enabled\":true}}],\"comments\":\"Define which resources should be prefetched.\",\"criteria\":[{\"name\":\"fileExtension\",\"options\":{\"matchCaseSensitive\":false,\"matchOperator\":\"IS_ONE_OF\",\"values\":[\"css\",\"js\",\"jpg\",\"jpeg\",\"jp2\",\"png\",\"gif\",\"svg\",\"svgz\",\"webp\",\"eot\",\"woff\",\"woff2\",\"otf\",\"ttf\"]}}],\"name\":\"Prefetchable objects\",\"options\":{},\"criteriaMustSatisfy\":\"all\"}],\"comments\":\"Instruct edge servers to retrieve embedded resources before the browser requests them.\",\"name\":\"Prefetching\",\"options\":{},\"criteriaMustSatisfy\":\"all\"},{\"behaviors\":[{\"name\":\"adaptiveAcceleration\",\"options\":{\"abLogic\":\"DISABLED\",\"enableBrotliCompression\":true,\"enableForNoncacheable\":false,\"enablePreconnect\":true,\"enablePush\":true,\"enableRo\":false,\"intelligentEarlyHints\":false,\"preloadEnable\":true,\"source\":\"MPULSE\",\"titleHttp2ServerPush\":\"\",\"titlePreconnect\":\"\",\"titlePreload\":\"\",\"titleRo\":\"\"}}],\"comments\":\"Automatically and continuously apply performance optimizations to your website using machine learning.\",\"name\":\"Adaptive acceleration\",\"options\":{},\"criteriaMustSatisfy\":\"all\"}],\"comments\":\"Control the settings related to improving the performance of delivering objects to your users.\",\"name\":\"Accelerate delivery\",\"options\":{},\"criteriaMustSatisfy\":\"all\"},{\"behaviors\":[{\"name\":\"caching\",\"options\":{\"behavior\":\"NO_STORE\"}},{\"name\":\"tieredDistribution\",\"options\":{\"enabled\":true}},{\"name\":\"validateEntityTag\",\"options\":{\"enabled\":false}},{\"name\":\"removeVary\",\"options\":{\"enabled\":false}},{\"name\":\"cacheError\",\"options\":{\"enabled\":true,\"preserveStale\":true,\"ttl\":\"10s\"}},{\"name\":\"cacheKeyQueryParams\",\"options\":{\"behavior\":\"INCLUDE_ALL_ALPHABETIZE_ORDER\"}},{\"name\":\"prefreshCache\",\"options\":{\"enabled\":true,\"prefreshval\":90}},{\"name\":\"downstreamCache\",\"options\":{\"allowBehavior\":\"LESSER\",\"behavior\":\"ALLOW\",\"sendHeaders\":\"CACHE_CONTROL\",\"sendPrivate\":false}},{\"name\":\"modifyViaHeader\",\"options\":{\"enabled\":true,\"modificationOption\":\"REMOVE_HEADER\"}}],\"children\":[{\"behaviors\":[{\"name\":\"caching\",\"options\":{\"behavior\":\"MAX_AGE\",\"mustRevalidate\":false,\"ttl\":\"7d\"}}],\"comments\":\"Override the default caching behavior for CSS and JavaScript\",\"criteria\":[{\"name\":\"fileExtension\",\"options\":{\"matchCaseSensitive\":false,\"matchOperator\":\"IS_ONE_OF\",\"values\":[\"css\",\"js\"]}}],\"name\":\"CSS and JavaScript\",\"options\":{},\"criteriaMustSatisfy\":\"any\"},{\"behaviors\":[{\"name\":\"caching\",\"options\":{\"behavior\":\"MAX_AGE\",\"mustRevalidate\":false,\"ttl\":\"30d\"}}],\"comments\":\"Override the default caching behavior for fonts.\",\"criteria\":[{\"name\":\"fileExtension\",\"options\":{\"matchCaseSensitive\":false,\"matchOperator\":\"IS_ONE_OF\",\"values\":[\"eot\",\"woff\",\"woff2\",\"otf\",\"ttf\"]}}],\"name\":\"Fonts\",\"options\":{},\"criteriaMustSatisfy\":\"any\"},{\"behaviors\":[{\"name\":\"caching\",\"options\":{\"behavior\":\"MAX_AGE\",\"mustRevalidate\":false,\"ttl\":\"30d\"}}],\"comments\":\"Override the default caching behavior for images.\",\"criteria\":[{\"name\":\"fileExtension\",\"options\":{\"matchCaseSensitive\":false,\"matchOperator\":\"IS_ONE_OF\",\"values\":[\"jpg\",\"jpeg\",\"png\",\"gif\",\"webp\",\"jp2\",\"ico\",\"svg\",\"svgz\"]}}],\"name\":\"Images\",\"options\":{},\"criteriaMustSatisfy\":\"any\"},{\"behaviors\":[{\"name\":\"caching\",\"options\":{\"behavior\":\"MAX_AGE\",\"mustRevalidate\":false,\"ttl\":\"7d\"}}],\"comments\":\"Override the default caching behavior for files. Files containing Personal Identified Information (PII) should require Edge authentication or not be cached at all.\",\"criteria\":[{\"name\":\"fileExtension\",\"options\":{\"matchCaseSensitive\":false,\"matchOperator\":\"IS_ONE_OF\",\"values\":[\"pdf\",\"doc\",\"docx\",\"odt\"]}}],\"name\":\"Files\",\"options\":{},\"criteriaMustSatisfy\":\"any\"},{\"behaviors\":[{\"name\":\"caching\",\"options\":{\"behavior\":\"MAX_AGE\",\"mustRevalidate\":false,\"ttl\":\"7d\"}}],\"comments\":\"Override the default caching behavior for other static objects.\",\"criteria\":[{\"name\":\"fileExtension\",\"options\":{\"matchCaseSensitive\":false,\"matchOperator\":\"IS_ONE_OF\",\"values\":[\"aif\",\"aiff\",\"au\",\"avi\",\"bin\",\"bmp\",\"cab\",\"carb\",\"cct\",\"cdf\",\"class\",\"dcr\",\"dtd\",\"exe\",\"flv\",\"gcf\",\"gff\",\"grv\",\"hdml\",\"hqx\",\"ini\",\"mov\",\"mp3\",\"nc\",\"pct\",\"ppc\",\"pws\",\"swa\",\"swf\",\"txt\",\"vbs\",\"w32\",\"wav\",\"midi\",\"wbmp\",\"wml\",\"wmlc\",\"wmls\",\"wmlsc\",\"xsd\",\"zip\",\"pict\",\"tif\",\"tiff\",\"mid\",\"jxr\",\"jar\"]}}],\"name\":\"Other static objects\",\"options\":{},\"criteriaMustSatisfy\":\"any\"},{\"behaviors\":[{\"name\":\"caching\",\"options\":{\"behavior\":\"NO_STORE\"}},{\"name\":\"cacheKeyQueryParams\",\"options\":{\"behavior\":\"IGNORE\",\"exactMatch\":true,\"parameters\":[\"gclid\",\"fbclid\",\"utm_source\",\"utm_campaign\",\"utm_medium\",\"utm_content\"]}}],\"comments\":\"Override the default caching behavior for HTML pages cached on edge servers.\",\"criteria\":[{\"name\":\"fileExtension\",\"options\":{\"matchCaseSensitive\":false,\"matchOperator\":\"IS_ONE_OF\",\"values\":[\"html\",\"htm\",\"php\",\"jsp\",\"aspx\",\"EMPTY_STRING\"]}}],\"name\":\"HTML pages\",\"options\":{},\"criteriaMustSatisfy\":\"all\"},{\"behaviors\":[{\"name\":\"cacheRedirect\",\"options\":{\"enabled\":\"false\"}}],\"comments\":\"Configure caching for HTTP redirects. The redirect is cached for the same TTL as a 200 HTTP response when this feature is enabled.\",\"name\":\"Redirects\",\"options\":{},\"criteriaMustSatisfy\":\"all\"},{\"behaviors\":[{\"name\":\"cachePost\",\"options\":{\"enabled\":false}}],\"comments\":\"Define when HTTP POST requests should be cached. You should enable it under a criteria match.\",\"name\":\"POST responses\",\"options\":{},\"criteriaMustSatisfy\":\"all\"},{\"behaviors\":[{\"name\":\"graphqlCaching\",\"options\":{\"enabled\":false}}],\"comments\":\"Define when your GraphQL queries should be cached.\",\"criteria\":[{\"name\":\"path\",\"options\":{\"matchCaseSensitive\":false,\"matchOperator\":\"MATCHES_ONE_OF\",\"normalize\":false,\"values\":[\"/graphql\"]}}],\"name\":\"GraphQL\",\"options\":{},\"criteriaMustSatisfy\":\"all\"},{\"behaviors\":[{\"name\":\"downstreamCache\",\"options\":{\"behavior\":\"BUST\"}}],\"comments\":\"Configure the default client caching behavior for uncacheable content at the edge.\",\"criteria\":[{\"name\":\"cacheability\",\"options\":{\"matchOperator\":\"IS_NOT\",\"value\":\"CACHEABLE\"}}],\"name\":\"Uncacheable objects\",\"options\":{},\"criteriaMustSatisfy\":\"all\"}],\"comments\":\"Control the settings related to caching content at the edge and in the browser. As a result, fewer requests go to your origin, fewer bytes leave your data centers, and your assets are closer to your users.\",\"name\":\"Offload origin\",\"options\":{},\"criteriaMustSatisfy\":\"all\"},{\"children\":[{\"behaviors\":[{\"name\":\"allHttpInCacheHierarchy\",\"options\":{\"enabled\":true}}],\"children\":[{\"behaviors\":[{\"name\":\"allowPost\",\"options\":{\"allowWithoutContentLength\":false,\"enabled\":true}}],\"comments\":\"Allow use of the POST HTTP request method.\",\"name\":\"POST\",\"options\":{},\"criteriaMustSatisfy\":\"all\"},{\"behaviors\":[{\"name\":\"allowOptions\",\"options\":{\"enabled\":true}}],\"comments\":\"Allow use of the OPTIONS HTTP request method.\",\"name\":\"OPTIONS\",\"options\":{},\"criteriaMustSatisfy\":\"all\"},{\"behaviors\":[{\"name\":\"allowPut\",\"options\":{\"enabled\":false}}],\"comments\":\"Allow use of the PUT HTTP request method.\",\"name\":\"PUT\",\"options\":{},\"criteriaMustSatisfy\":\"all\"},{\"behaviors\":[{\"name\":\"allowDelete\",\"options\":{\"enabled\":false}}],\"comments\":\"Allow use of the DELETE HTTP request method.\",\"name\":\"DELETE\",\"options\":{},\"criteriaMustSatisfy\":\"all\"},{\"behaviors\":[{\"name\":\"allowPatch\",\"options\":{\"enabled\":false}}],\"comments\":\"Allow use of the PATCH HTTP request method.\",\"name\":\"PATCH\",\"options\":{},\"criteriaMustSatisfy\":\"all\"}],\"comments\":\"Allow the use of HTTP methods. Consider enabling additional methods under a path match for increased origin security.\",\"name\":\"Allowed methods\",\"options\":{},\"criteriaMustSatisfy\":\"all\"},{\"behaviors\":[{\"name\":\"cacheTagVisible\",\"options\":{\"behavior\":\"PRAGMA_HEADER\"}}],\"comments\":\"Do not expose back-end information unless the request contains the Pragma debug header.\",\"name\":\"Obfuscate debug info\",\"options\":{},\"criteriaMustSatisfy\":\"all\"},{\"behaviors\":[{\"name\":\"modifyOutgoingResponseHeader\",\"options\":{\"action\":\"DELETE\",\"customHeaderName\":\"X-Powered-By\",\"standardDeleteHeaderName\":\"OTHER\"}},{\"name\":\"modifyOutgoingResponseHeader\",\"options\":{\"action\":\"DELETE\",\"customHeaderName\":\"Server\",\"standardDeleteHeaderName\":\"OTHER\"}}],\"comments\":\"Do not expose back-end information unless the request contains an additional secret header. Regularly change the criteria to use a specific unique value for the secret header.\",\"criteria\":[{\"name\":\"requestHeader\",\"options\":{\"headerName\":\"X-Akamai-Debug\",\"matchCaseSensitiveValue\":true,\"matchOperator\":\"IS_NOT_ONE_OF\",\"matchWildcardName\":false,\"matchWildcardValue\":false,\"values\":[\"true\"]}}],\"name\":\"Obfuscate backend info\",\"options\":{},\"criteriaMustSatisfy\":\"all\"},{\"behaviors\":[{\"name\":\"httpStrictTransportSecurity\",\"options\":{\"enable\":false}}],\"comments\":\"Require all browsers to connect to your site using HTTPS.\",\"name\":\"HSTS\",\"options\":{},\"criteriaMustSatisfy\":\"all\"}],\"comments\":\"Control the settings that minimize the information your website shares with clients and malicious entities to reduce your exposure to threats.\",\"name\":\"Strengthen security\",\"options\":{},\"criteriaMustSatisfy\":\"all\"},{\"children\":[{\"behaviors\":[{\"name\":\"breakConnection\",\"options\":{\"enabled\":true}}],\"comments\":\"Simulate an origin connection problem and test the site failover configuration on the CDN staging network.\",\"criteria\":[{\"name\":\"contentDeliveryNetwork\",\"options\":{\"matchOperator\":\"IS\",\"network\":\"STAGING\"}},{\"name\":\"requestHeader\",\"options\":{\"headerName\":\"breakconnection\",\"matchCaseSensitiveValue\":true,\"matchOperator\":\"IS_ONE_OF\",\"matchWildcardName\":false,\"matchWildcardValue\":false,\"values\":[\"Your-Secret-Here\"]}}],\"name\":\"Simulate failover\",\"options\":{},\"criteriaMustSatisfy\":\"all\"},{\"behaviors\":[{\"name\":\"failAction\",\"options\":{\"enabled\":false}}],\"comments\":\"Specify how edge servers respond when the origin is not available.\",\"criteria\":[{\"name\":\"originTimeout\",\"options\":{\"matchOperator\":\"ORIGIN_TIMED_OUT\"}}],\"name\":\"Site failover\",\"options\":{},\"criteriaMustSatisfy\":\"any\"},{\"behaviors\":[{\"name\":\"healthDetection\",\"options\":{\"maximumReconnects\":2,\"retryCount\":3,\"retryInterval\":\"10s\"}}],\"comments\":\"Monitor the health of your origin by tracking unsuccessful IP connection attempts.\",\"name\":\"Origin health\",\"options\":{},\"criteriaMustSatisfy\":\"all\"},{\"behaviors\":[{\"name\":\"scriptManagement\",\"options\":{\"enabled\":false}}],\"comments\":\"Enable Script Management to minimize performance and availability impacts from third-party JavaScripts.\",\"name\":\"Script management\",\"options\":{},\"criteriaMustSatisfy\":\"all\"}],\"comments\":\"Control how to respond when your origin or third parties are slow or even down to minimize the negative impact on user experience.\",\"name\":\"Increase availability\",\"options\":{},\"criteriaMustSatisfy\":\"all\"},{\"children\":[{\"behaviors\":[{\"name\":\"gzipResponse\",\"options\":{\"behavior\":\"ALWAYS\"}}],\"comments\":\"Serve gzip compressed content for text-based formats.\",\"criteria\":[{\"name\":\"contentType\",\"options\":{\"matchCaseSensitive\":false,\"matchOperator\":\"IS_ONE_OF\",\"matchWildcard\":true,\"values\":[\"application/*javascript*\",\"application/*json*\",\"application/*xml*\",\"application/text*\",\"application/vnd-ms-fontobject\",\"application/vnd.microsoft.icon\",\"application/x-font-opentype\",\"application/x-font-truetype\",\"application/x-font-ttf\",\"font/eot*\",\"font/opentype\",\"font/otf\",\"image/svg+xml\",\"image/vnd.microsoft.icon\",\"image/x-icon\",\"text/*\",\"application/octet-stream*\",\"application/x-font-eot*\",\"font/ttf\",\"application/font-ttf\",\"application/font-sfnt\",\"application/x-tgif\"]}}],\"name\":\"Compressible objects\",\"options\":{},\"criteriaMustSatisfy\":\"all\"}],\"comments\":\"Control the settings that reduce the size of the delivered content and decrease the number of bytes sent by your properties. This allows you to cut down the network overhead of your website or API.\",\"name\":\"Minimize payload\",\"options\":{},\"criteriaMustSatisfy\":\"all\"}],\"comments\":\"The Default Rule template contains all the necessary and recommended behaviors. Rules are evaluated from top to bottom and the last matching rule wins.\",\"name\":\"default\",\"options\":{}}}",
            "staging_version": 0,
            "version_notes": ""
          },
          "sensitive_attributes": [],
          "identity_schema_version": 0,
          "private": "eyJzY2hlbWFfdmVyc2lvbiI6IjEifQ=="
        }
      ]
    },
    {
      "mode": "managed",
      "type": "akamai_property",
      "name": "new-test-property",
      "provider": "provider[\"registry.terraform.io/akamai/akamai\"]",
      "instances": [
        {
          "schema_version": 1,
          "attributes": {
            "asset_id": "aid_11567074",
            "contract_id": "ctr_1-1NC95D",
            "group_id": "grp_94456",
            "hostnames": [
              {
                "cert_provisioning_type": "DEFAULT",
                "cert_status": [
                  {
                    "hostname": "_acme-challenge.terraform.soshetty.com",
                    "production_status": "PENDING",
                    "staging_status": "PENDING",
                    "target": "ac.e1243611f2cc31e51dd6ec7d6917b0ec.terraform.soshetty.com.validate-akdv.net"
                  }
                ],
                "cname_from": "terraform.soshetty.com",
                "cname_to": "new-terraform-property.soshetty.com.edgesuite.net",
                "cname_type": "EDGE_HOSTNAME",
                "edge_hostname_id": "ehn_6052654"
              },
              {
                "cert_provisioning_type": "DEFAULT",
                "cert_status": [
                  {
                    "hostname": "_acme-challenge.terraform2.soshetty.com",
                    "production_status": "PENDING",
                    "staging_status": "PENDING",
                    "target": "ac.88452bd6f7495b85e1cf7b54b054d07a.terraform2.soshetty.com.validate-akdv.net"
                  }
                ],
                "cname_from": "terraform2.soshetty.com",
                "cname_to": "new-terraform-property.soshetty.com.edgesuite.net",
                "cname_type": "EDGE_HOSTNAME",
                "edge_hostname_id": "ehn_6052654"
              }
            ],
            "id": "prp_1278727",
            "latest_version": 1,
            "name": "soshetty-new-terraform-property",
            "product_id": "prd_Fresca",
            "production_version": 0,
            "property_id": null,
            "read_version": 0,
            "rule_errors": [
              {
                "behavior_name": "",
                "detail": "Add a Caching behavior in any rule. See \u003ca href=\"/dl/property-manager/property-manager-help/csh_lookup.html?id=PM_0024\" target=\"_blank\"\u003eCaching\u003c/a\u003e.",
                "error_location": "#/rules",
                "instance": "",
                "status_code": 0,
                "title": "",
                "type": "https://problems.luna.akamaiapis.net/papi/v0/validation/required_feature_any"
              }
            ],
            "rule_format": "v2025-07-07",
            "rule_warnings": [],
            "rules": "{\"rules\":{\"behaviors\":[{\"name\":\"origin\",\"options\":{\"cacheKeyHostname\":\"ORIGIN_HOSTNAME\",\"compress\":true,\"enable_true_client_ip\":false,\"forwardHostHeader\":\"REQUEST_HOST_HEADER\",\"hostname\":\"origin-terraform.soshetty.com\",\"httpPort\":80,\"originType\":\"CUSTOMER\"}},{\"name\":\"cpCode\",\"options\":{\"value\":{\"id\":1907652,\"name\":\"main site\"}}}],\"children\":[{\"behaviors\":[{\"name\":\"gzipResponse\",\"options\":{\"behavior\":\"ALWAYS\"}}],\"criteria\":[{\"name\":\"contentType\",\"options\":{\"matchCaseSensitive\":false,\"matchOperator\":\"IS_ONE_OF\",\"matchWildcard\":true,\"values\":[\"text/html*\",\"text/css*\",\"application/x-javascript*\"]}}],\"name\":\"Compress Text Content\",\"options\":{},\"criteriaMustSatisfy\":\"all\"}],\"name\":\"default\",\"options\":{}}}",
            "staging_version": 0,
            "version_notes": ""
          },
          "sensitive_attributes": [],
          "identity_schema_version": 0,
          "private": "eyJzY2hlbWFfdmVyc2lvbiI6IjEifQ=="
        }
      ]
    }
  ],
  "check_results": null
}
